// !$*UTF8*$!
{
	archiveVersion = 1;
	classes = {
	};
	objectVersion = 46;
	objects = {

/* Begin PBXBuildFile section */
		B4CDBC611B9A1142006CC229 /* AppDelegate.swift in Sources */ = {isa = PBXBuildFile; fileRef = B4CDBC601B9A1142006CC229 /* AppDelegate.swift */; };
		B4CDBC631B9A1142006CC229 /* ViewController.swift in Sources */ = {isa = PBXBuildFile; fileRef = B4CDBC621B9A1142006CC229 /* ViewController.swift */; };
		B4CDBC661B9A1143006CC229 /* Main.storyboard in Resources */ = {isa = PBXBuildFile; fileRef = B4CDBC641B9A1143006CC229 /* Main.storyboard */; };
		B4CDBC681B9A1143006CC229 /* Images.xcassets in Resources */ = {isa = PBXBuildFile; fileRef = B4CDBC671B9A1143006CC229 /* Images.xcassets */; };
		B4CDBC6B1B9A1143006CC229 /* LaunchScreen.xib in Resources */ = {isa = PBXBuildFile; fileRef = B4CDBC691B9A1143006CC229 /* LaunchScreen.xib */; };
		B4CDBC771B9A1143006CC229 /* WhereAmITests.swift in Sources */ = {isa = PBXBuildFile; fileRef = B4CDBC761B9A1143006CC229 /* WhereAmITests.swift */; };
		B4CDBC811B9A477B006CC229 /* Place.swift in Sources */ = {isa = PBXBuildFile; fileRef = B4CDBC801B9A477B006CC229 /* Place.swift */; };
		B4CDBC831B9A4A05006CC229 /* MapKit.framework in Frameworks */ = {isa = PBXBuildFile; fileRef = B4CDBC821B9A4A05006CC229 /* MapKit.framework */; };
/* End PBXBuildFile section */

/* Begin PBXContainerItemProxy section */
		B4CDBC711B9A1143006CC229 /* PBXContainerItemProxy */ = {
			isa = PBXContainerItemProxy;
			containerPortal = B4CDBC531B9A1142006CC229 /* Project object */;
			proxyType = 1;
			remoteGlobalIDString = B4CDBC5A1B9A1142006CC229;
			remoteInfo = WhereAmI;
		};
/* End PBXContainerItemProxy section */

/* Begin PBXFileReference section */
		B4CDBC5B1B9A1142006CC229 /* WhereAmI.app */ = {isa = PBXFileReference; explicitFileType = wrapper.application; includeInIndex = 0; path = WhereAmI.app; sourceTree = BUILT_PRODUCTS_DIR; };
		B4CDBC5F1B9A1142006CC229 /* Info.plist */ = {isa = PBXFileReference; lastKnownFileType = text.plist.xml; path = Info.plist; sourceTree = "<group>"; };
		B4CDBC601B9A1142006CC229 /* AppDelegate.swift */ = {isa = PBXFileReference; lastKnownFileType = sourcecode.swift; path = AppDelegate.swift; sourceTree = "<group>"; };
		B4CDBC621B9A1142006CC229 /* ViewController.swift */ = {isa = PBXFileReference; lastKnownFileType = sourcecode.swift; path = ViewController.swift; sourceTree = "<group>"; };
		B4CDBC651B9A1143006CC229 /* Base */ = {isa = PBXFileReference; lastKnownFileType = file.storyboard; name = Base; path = Base.lproj/Main.storyboard; sourceTree = "<group>"; };
		B4CDBC671B9A1143006CC229 /* Images.xcassets */ = {isa = PBXFileReference; lastKnownFileType = folder.assetcatalog; path = Images.xcassets; sourceTree = "<group>"; };
		B4CDBC6A1B9A1143006CC229 /* Base */ = {isa = PBXFileReference; lastKnownFileType = file.xib; name = Base; path = Base.lproj/LaunchScreen.xib; sourceTree = "<group>"; };
		B4CDBC701B9A1143006CC229 /* WhereAmITests.xctest */ = {isa = PBXFileReference; explicitFileType = wrapper.cfbundle; includeInIndex = 0; path = WhereAmITests.xctest; sourceTree = BUILT_PRODUCTS_DIR; };
		B4CDBC751B9A1143006CC229 /* Info.plist */ = {isa = PBXFileReference; lastKnownFileType = text.plist.xml; path = Info.plist; sourceTree = "<group>"; };
		B4CDBC761B9A1143006CC229 /* WhereAmITests.swift */ = {isa = PBXFileReference; lastKnownFileType = sourcecode.swift; path = WhereAmITests.swift; sourceTree = "<group>"; };
		B4CDBC801B9A477B006CC229 /* Place.swift */ = {isa = PBXFileReference; fileEncoding = 4; lastKnownFileType = sourcecode.swift; path = Place.swift; sourceTree = "<group>"; };
		B4CDBC821B9A4A05006CC229 /* MapKit.framework */ = {isa = PBXFileReference; lastKnownFileType = wrapper.framework; name = MapKit.framework; path = System/Library/Frameworks/MapKit.framework; sourceTree = SDKROOT; };
/* End PBXFileReference section */

/* Begin PBXFrameworksBuildPhase section */
		B4CDBC581B9A1142006CC229 /* Frameworks */ = {
			isa = PBXFrameworksBuildPhase;
			buildActionMask = 2147483647;
			files = (
				B4CDBC831B9A4A05006CC229 /* MapKit.framework in Frameworks */,
			);
			runOnlyForDeploymentPostprocessing = 0;
		};
		B4CDBC6D1B9A1143006CC229 /* Frameworks */ = {
			isa = PBXFrameworksBuildPhase;
			buildActionMask = 2147483647;
			files = (
			);
			runOnlyForDeploymentPostprocessing = 0;
		};
/* End PBXFrameworksBuildPhase section */

/* Begin PBXGroup section */
		B4CDBC521B9A1142006CC229 = {
			isa = PBXGroup;
			children = (
				B4CDBC821B9A4A05006CC229 /* MapKit.framework */,
				B4CDBC5D1B9A1142006CC229 /* WhereAmI */,
				B4CDBC731B9A1143006CC229 /* WhereAmITests */,
				B4CDBC5C1B9A1142006CC229 /* Products */,
			);
			sourceTree = "<group>";
		};
		B4CDBC5C1B9A1142006CC229 /* Products */ = {
			isa = PBXGroup;
			children = (
				B4CDBC5B1B9A1142006CC229 /* WhereAmI.app */,
				B4CDBC701B9A1143006CC229 /* WhereAmITests.xctest */,
			);
			name = Products;
			sourceTree = "<group>";
		};
		B4CDBC5D1B9A1142006CC229 /* WhereAmI */ = {
			isa = PBXGroup;
			children = (
				B4CDBC601B9A1142006CC229 /* AppDelegate.swift */,
				B4CDBC621B9A1142006CC229 /* ViewController.swift */,
				B4CDBC641B9A1143006CC229 /* Main.storyboard */,
				B4CDBC671B9A1143006CC229 /* Images.xcassets */,
				B4CDBC691B9A1143006CC229 /* LaunchScreen.xib */,
				B4CDBC5E1B9A1142006CC229 /* Supporting Files */,
				B4CDBC801B9A477B006CC229 /* Place.swift */,
			);
			path = WhereAmI;
			sourceTree = "<group>";
		};
		B4CDBC5E1B9A1142006CC229 /* Supporting Files */ = {
			isa = PBXGroup;
			children = (
				B4CDBC5F1B9A1142006CC229 /* Info.plist */,
			);
			name = "Supporting Files";
			sourceTree = "<group>";
		};
		B4CDBC731B9A1143006CC229 /* WhereAmITests */ = {
			isa = PBXGroup;
			children = (
				B4CDBC761B9A1143006CC229 /* WhereAmITests.swift */,
				B4CDBC741B9A1143006CC229 /* Supporting Files */,
			);
			path = WhereAmITests;
			sourceTree = "<group>";
		};
		B4CDBC741B9A1143006CC229 /* Supporting Files */ = {
			isa = PBXGroup;
			children = (
				B4CDBC751B9A1143006CC229 /* Info.plist */,
			);
			name = "Supporting Files";
			sourceTree = "<group>";
		};
/* End PBXGroup section */

/* Begin PBXNativeTarget section */
		B4CDBC5A1B9A1142006CC229 /* WhereAmI */ = {
			isa = PBXNativeTarget;
			buildConfigurationList = B4CDBC7A1B9A1143006CC229 /* Build configuration list for PBXNativeTarget "WhereAmI" */;
			buildPhases = (
				B4CDBC571B9A1142006CC229 /* Sources */,
				B4CDBC581B9A1142006CC229 /* Frameworks */,
				B4CDBC591B9A1142006CC229 /* Resources */,
			);
			buildRules = (
			);
			dependencies = (
			);
			name = WhereAmI;
			productName = WhereAmI;
			productReference = B4CDBC5B1B9A1142006CC229 /* WhereAmI.app */;
			productType = "com.apple.product-type.application";
		};
		B4CDBC6F1B9A1143006CC229 /* WhereAmITests */ = {
			isa = PBXNativeTarget;
			buildConfigurationList = B4CDBC7D1B9A1143006CC229 /* Build configuration list for PBXNativeTarget "WhereAmITests" */;
			buildPhases = (
				B4CDBC6C1B9A1143006CC229 /* Sources */,
				B4CDBC6D1B9A1143006CC229 /* Frameworks */,
				B4CDBC6E1B9A1143006CC229 /* Resources */,
			);
			buildRules = (
			);
			dependencies = (
				B4CDBC721B9A1143006CC229 /* PBXTargetDependency */,
			);
			name = WhereAmITests;
			productName = WhereAmITests;
			productReference = B4CDBC701B9A1143006CC229 /* WhereAmITests.xctest */;
			productType = "com.apple.product-type.bundle.unit-test";
		};
/* End PBXNativeTarget section */

/* Begin PBXProject section */
		B4CDBC531B9A1142006CC229 /* Project object */ = {
			isa = PBXProject;
			attributes = {
				LastUpgradeCheck = 0640;
				ORGANIZATIONNAME = hunk;
				TargetAttributes = {
					B4CDBC5A1B9A1142006CC229 = {
						CreatedOnToolsVersion = 6.4;
						SystemCapabilities = {
							com.apple.Maps.iOS = {
								enabled = 1;
							};
						};
					};
					B4CDBC6F1B9A1143006CC229 = {
						CreatedOnToolsVersion = 6.4;
						TestTargetID = B4CDBC5A1B9A1142006CC229;
					};
				};
			};
			buildConfigurationList = B4CDBC561B9A1142006CC229 /* Build configuration list for PBXProject "WhereAmI" */;
			compatibilityVersion = "Xcode 3.2";
			developmentRegion = English;
			hasScannedForEncodings = 0;
			knownRegions = (
				en,
				Base,
			);
			mainGroup = B4CDBC521B9A1142006CC229;
			productRefGroup = B4CDBC5C1B9A1142006CC229 /* Products */;
			projectDirPath = "";
			projectRoot = "";
			targets = (
				B4CDBC5A1B9A1142006CC229 /* WhereAmI */,
				B4CDBC6F1B9A1143006CC229 /* WhereAmITests */,
			);
		};
/* End PBXProject section */

/* Begin PBXResourcesBuildPhase section */
		B4CDBC591B9A1142006CC229 /* Resources */ = {
			isa = PBXResourcesBuildPhase;
			buildActionMask = 2147483647;
			files = (
				B4CDBC661B9A1143006CC229 /* Main.storyboard in Resources */,
				B4CDBC6B1B9A1143006CC229 /* LaunchScreen.xib in Resources */,
				B4CDBC681B9A1143006CC229 /* Images.xcassets in Resources */,
			);
			runOnlyForDeploymentPostprocessing = 0;
		};
		B4CDBC6E1B9A1143006CC229 /* Resources */ = {
			isa = PBXResourcesBuildPhase;
			buildActionMask = 2147483647;
			files = (
			);
			runOnlyForDeploymentPostprocessing = 0;
		};
/* End PBXResourcesBuildPhase section */

/* Begin PBXSourcesBuildPhase section */
		B4CDBC571B9A1142006CC229 /* Sources */ = {
			isa = PBXSourcesBuildPhase;
			buildActionMask = 2147483647;
			files = (
				B4CDBC811B9A477B006CC229 /* Place.swift in Sources */,
				B4CDBC631B9A1142006CC229 /* ViewController.swift in Sources */,
				B4CDBC611B9A1142006CC229 /* AppDelegate.swift in Sources */,
			);
			runOnlyForDeploymentPostprocessing = 0;
		};
		B4CDBC6C1B9A1143006CC229 /* Sources */ = {
			isa = PBXSourcesBuildPhase;
			buildActionMask = 2147483647;
			files = (
				B4CDBC771B9A1143006CC229 /* WhereAmITests.swift in Sources */,
			);
			runOnlyForDeploymentPostprocessing = 0;
		};
/* End PBXSourcesBuildPhase section */

/* Begin PBXTargetDependency section */
		B4CDBC721B9A1143006CC229 /* PBXTargetDependency */ = {
			isa = PBXTargetDependency;
			target = B4CDBC5A1B9A1142006CC229 /* WhereAmI */;
			targetProxy = B4CDBC711B9A1143006CC229 /* PBXContainerItemProxy */;
		};
/* End PBXTargetDependency section */

/* Begin PBXVariantGroup section */
		B4CDBC641B9A1143006CC229 /* Main.storyboard */ = {
			isa = PBXVariantGroup;
			children = (
				B4CDBC651B9A1143006CC229 /* Base */,
			);
			name = Main.storyboard;
			sourceTree = "<group>";
		};
		B4CDBC691B9A1143006CC229 /* LaunchScreen.xib */ = {
			isa = PBXVariantGroup;
			children = (
				B4CDBC6A1B9A1143006CC229 /* Base */,
			);
			name = LaunchScreen.xib;
			sourceTree = "<group>";
		};
/* End PBXVariantGroup section */

/* Begin XCBuildConfiguration section */
		B4CDBC781B9A1143006CC229 /* Debug */ = {
			isa = XCBuildConfiguration;
			buildSettings = {
				ALWAYS_SEARCH_USER_PATHS = NO;
				CLANG_CXX_LANGUAGE_STANDARD = "gnu++0x";
				CLANG_CXX_LIBRARY = "libc++";
				CLANG_ENABLE_MODULES = YES;
				CLANG_ENABLE_OBJC_ARC = YES;
				CLANG_WARN_BOOL_CONVERSION = YES;
				CLANG_WARN_CONSTANT_CONVERSION = YES;
				CLANG_WARN_DIRECT_OBJC_ISA_USAGE = YES_ERROR;
				CLANG_WARN_EMPTY_BODY = YES;
				CLANG_WARN_ENUM_CONVERSION = YES;
				CLANG_WARN_INT_CONVERSION = YES;
				CLANG_WARN_OBJC_ROOT_CLASS = YES_ERROR;
				CLANG_WARN_UNREACHABLE_CODE = YES;
				CLANG_WARN__DUPLICATE_METHOD_MATCH = YES;
				"CODE_SIGN_IDENTITY[sdk=iphoneos*]" = "iPhone Developer";
				COPY_PHASE_STRIP = NO;
				DEBUG_INFORMATION_FORMAT = "dwarf-with-dsym";
				ENABLE_STRICT_OBJC_MSGSEND = YES;
				GCC_C_LANGUAGE_STANDARD = gnu99;
				GCC_DYNAMIC_NO_PIC = NO;
				GCC_NO_COMMON_BLOCKS = YES;
				GCC_OPTIMIZATION_LEVEL = 0;
				GCC_PREPROCESSOR_DEFINITIONS = (
					"DEBUG=1",
					"$(inherited)",
				);
				GCC_SYMBOLS_PRIVATE_EXTERN = NO;
				GCC_WARN_64_TO_32_BIT_CONVERSION = YES;
				GCC_WARN_ABOUT_RETURN_TYPE = YES_ERROR;
				GCC_WARN_UNDECLARED_SELECTOR = YES;
				GCC_WARN_UNINITIALIZED_AUTOS = YES_AGGRESSIVE;
				GCC_WARN_UNUSED_FUNCTION = YES;
				GCC_WARN_UNUSED_VARIABLE = YES;
				IPHONEOS_DEPLOYMENT_TARGET = 8.4;
				MTL_ENABLE_DEBUG_INFO = YES;
				ONLY_ACTIVE_ARCH = YES;
				SDKROOT = iphoneos;
				SWIFT_OPTIMIZATION_LEVEL = "-Onone";
				TARGETED_DEVICE_FAMILY = "1,2";
			};
			name = Debug;
		};
		B4CDBC791B9A1143006CC229 /* Release */ = {
			isa = XCBuildConfiguration;
			buildSettings = {
				ALWAYS_SEARCH_USER_PATHS = NO;
				CLANG_CXX_LANGUAGE_STANDARD = "gnu++0x";
				CLANG_CXX_LIBRARY = "libc++";
				CLANG_ENABLE_MODULES = YES;
				CLANG_ENABLE_OBJC_ARC = YES;
				CLANG_WARN_BOOL_CONVERSION = YES;
				CLANG_WARN_CONSTANT_CONVERSION = YES;
				CLANG_WARN_DIRECT_OBJC_ISA_USAGE = YES_ERROR;
				CLANG_WARN_EMPTY_BODY = YES;
				CLANG_WARN_ENUM_CONVERSION = YES;
				CLANG_WARN_INT_CONVERSION = YES;
				CLANG_WARN_OBJC_ROOT_CLASS = YES_ERROR;
				CLANG_WARN_UNREACHABLE_CODE = YES;
				CLANG_WARN__DUPLICATE_METHOD_MATCH = YES;
				"CODE_SIGN_IDENTITY[sdk=iphoneos*]" = "iPhone Developer";
				COPY_PHASE_STRIP = NO;
				DEBUG_INFORMATION_FORMAT = "dwarf-with-dsym";
				ENABLE_NS_ASSERTIONS = NO;
				ENABLE_STRICT_OBJC_MSGSEND = YES;
				GCC_C_LANGUAGE_STANDARD = gnu99;
				GCC_NO_COMMON_BLOCKS = YES;
				GCC_WARN_64_TO_32_BIT_CONVERSION = YES;
				GCC_WARN_ABOUT_RETURN_TYPE = YES_ERROR;
				GCC_WARN_UNDECLARED_SELECTOR = YES;
				GCC_WARN_UNINITIALIZED_AUTOS = YES_AGGRESSIVE;
				GCC_WARN_UNUSED_FUNCTION = YES;
				GCC_WARN_UNUSED_VARIABLE = YES;
				IPHONEOS_DEPLOYMENT_TARGET = 8.4;
				MTL_ENABLE_DEBUG_INFO = NO;
				SDKROOT = iphoneos;
				TARGETED_DEVICE_FAMILY = "1,2";
				VALIDATE_PRODUCT = YES;
			};
			name = Release;
		};
		B4CDBC7B1B9A1143006CC229 /* Debug */ = {
			isa = XCBuildConfiguration;
			buildSettings = {
				ASSETCATALOG_COMPILER_APPICON_NAME = AppIcon;
				INFOPLIST_FILE = WhereAmI/Info.plist;
				LD_RUNPATH_SEARCH_PATHS = "$(inherited) @executable_path/Frameworks";
				PRODUCT_NAME = "$(TARGET_NAME)";
			};
			name = Debug;
		};
		B4CDBC7C1B9A1143006CC229 /* Release */ = {
			isa = XCBuildConfiguration;
			buildSettings = {
				ASSETCATALOG_COMPILER_APPICON_NAME = AppIcon;
				INFOPLIST_FILE = WhereAmI/Info.plist;
				LD_RUNPATH_SEARCH_PATHS = "$(inherited) @executable_path/Frameworks";
				PRODUCT_NAME = "$(TARGET_NAME)";
			};
			name = Release;
		};
		B4CDBC7E1B9A1143006CC229 /* Debug */ = {
			isa = XCBuildConfiguration;
			buildSettings = {
				BUNDLE_LOADER = "$(TEST_HOST)";
				FRAMEWORK_SEARCH_PATHS = (
					"$(SDKROOT)/Developer/Library/Frameworks",
					"$(inherited)",
				);
				GCC_PREPROCESSOR_DEFINITIONS = (
					"DEBUG=1",
					"$(inherited)",
				);
				INFOPLIST_FILE = WhereAmITests/Info.plist;
				LD_RUNPATH_SEARCH_PATHS = "$(inherited) @executable_path/Frameworks @loader_path/Frameworks";
				PRODUCT_NAME = "$(TARGET_NAME)";
				TEST_HOST = "$(BUILT_PRODUCTS_DIR)/WhereAmI.app/WhereAmI";
			};
			name = Debug;
		};
		B4CDBC7F1B9A1143006CC229 /* Release */ = {
			isa = XCBuildConfiguration;
			buildSettings = {
				BUNDLE_LOADER = "$(TEST_HOST)";
				FRAMEWORK_SEARCH_PATHS = (
					"$(SDKROOT)/Developer/Library/Frameworks",
					"$(inherited)",
				);
				INFOPLIST_FILE = WhereAmITests/Info.plist;
				LD_RUNPATH_SEARCH_PATHS = "$(inherited) @executable_path/Frameworks @loader_path/Frameworks";
				PRODUCT_NAME = "$(TARGET_NAME)";
				TEST_HOST = "$(BUILT_PRODUCTS_DIR)/WhereAmI.app/WhereAmI";
			};
			name = Release;
		};
/* End XCBuildConfiguration section */

/* Begin XCConfigurationList section */
		B4CDBC561B9A1142006CC229 /* Build configuration list for PBXProject "WhereAmI" */ = {
			isa = XCConfigurationList;
			buildConfigurations = (
				B4CDBC781B9A1143006CC229 /* Debug */,
				B4CDBC791B9A1143006CC229 /* Release */,
			);
			defaultConfigurationIsVisible = 0;
			defaultConfigurationName = Release;
		};
		B4CDBC7A1B9A1143006CC229 /* Build configuration list for PBXNativeTarget "WhereAmI" */ = {
			isa = XCConfigurationList;
			buildConfigurations = (
				B4CDBC7B1B9A1143006CC229 /* Debug */,
				B4CDBC7C1B9A1143006CC229 /* Release */,
			);
			defaultConfigurationIsVisible = 0;
		};
		B4CDBC7D1B9A1143006CC229 /* Build configuration list for PBXNativeTarget "WhereAmITests" */ = {
			isa = XCConfigurationList;
			buildConfigurations = (
				B4CDBC7E1B9A1143006CC229 /* Debug */,
				B4CDBC7F1B9A1143006CC229 /* Release */,
			);
			defaultConfigurationIsVisible = 0;
		};
/* End XCConfigurationList section */
	};
	rootObject = B4CDBC531B9A1142006CC229 /* Project object */;
}
