// !$*UTF8*$!
{
	archiveVersion = 1;
	classes = {
	};
	objectVersion = 46;
	objects = {

/* Begin PBXBuildFile section */
		B49EDE381B016E5300A64E02 /* AppDelegate.swift in Sources */ = {isa = PBXBuildFile; fileRef = B49EDE371B016E5300A64E02 /* AppDelegate.swift */; };
		B49EDE3A1B016E5300A64E02 /* ViewController.swift in Sources */ = {isa = PBXBuildFile; fileRef = B49EDE391B016E5300A64E02 /* ViewController.swift */; };
		B49EDE3D1B016E5300A64E02 /* Main.storyboard in Resources */ = {isa = PBXBuildFile; fileRef = B49EDE3B1B016E5300A64E02 /* Main.storyboard */; };
		B49EDE3F1B016E5300A64E02 /* Images.xcassets in Resources */ = {isa = PBXBuildFile; fileRef = B49EDE3E1B016E5300A64E02 /* Images.xcassets */; };
		B49EDE421B016E5300A64E02 /* LaunchScreen.xib in Resources */ = {isa = PBXBuildFile; fileRef = B49EDE401B016E5300A64E02 /* LaunchScreen.xib */; };
		B49EDE4E1B016E5300A64E02 /* orientationsTests.swift in Sources */ = {isa = PBXBuildFile; fileRef = B49EDE4D1B016E5300A64E02 /* orientationsTests.swift */; };
/* End PBXBuildFile section */

/* Begin PBXContainerItemProxy section */
		B49EDE481B016E5300A64E02 /* PBXContainerItemProxy */ = {
			isa = PBXContainerItemProxy;
			containerPortal = B49EDE2A1B016E5300A64E02 /* Project object */;
			proxyType = 1;
			remoteGlobalIDString = B49EDE311B016E5300A64E02;
			remoteInfo = orientations;
		};
/* End PBXContainerItemProxy section */

/* Begin PBXFileReference section */
		B49EDE321B016E5300A64E02 /* orientations.app */ = {isa = PBXFileReference; explicitFileType = wrapper.application; includeInIndex = 0; path = orientations.app; sourceTree = BUILT_PRODUCTS_DIR; };
		B49EDE361B016E5300A64E02 /* Info.plist */ = {isa = PBXFileReference; lastKnownFileType = text.plist.xml; path = Info.plist; sourceTree = "<group>"; };
		B49EDE371B016E5300A64E02 /* AppDelegate.swift */ = {isa = PBXFileReference; lastKnownFileType = sourcecode.swift; path = AppDelegate.swift; sourceTree = "<group>"; };
		B49EDE391B016E5300A64E02 /* ViewController.swift */ = {isa = PBXFileReference; lastKnownFileType = sourcecode.swift; path = ViewController.swift; sourceTree = "<group>"; };
		B49EDE3C1B016E5300A64E02 /* Base */ = {isa = PBXFileReference; lastKnownFileType = file.storyboard; name = Base; path = Base.lproj/Main.storyboard; sourceTree = "<group>"; };
		B49EDE3E1B016E5300A64E02 /* Images.xcassets */ = {isa = PBXFileReference; lastKnownFileType = folder.assetcatalog; path = Images.xcassets; sourceTree = "<group>"; };
		B49EDE411B016E5300A64E02 /* Base */ = {isa = PBXFileReference; lastKnownFileType = file.xib; name = Base; path = Base.lproj/LaunchScreen.xib; sourceTree = "<group>"; };
		B49EDE471B016E5300A64E02 /* orientationsTests.xctest */ = {isa = PBXFileReference; explicitFileType = wrapper.cfbundle; includeInIndex = 0; path = orientationsTests.xctest; sourceTree = BUILT_PRODUCTS_DIR; };
		B49EDE4C1B016E5300A64E02 /* Info.plist */ = {isa = PBXFileReference; lastKnownFileType = text.plist.xml; path = Info.plist; sourceTree = "<group>"; };
		B49EDE4D1B016E5300A64E02 /* orientationsTests.swift */ = {isa = PBXFileReference; lastKnownFileType = sourcecode.swift; path = orientationsTests.swift; sourceTree = "<group>"; };
/* End PBXFileReference section */

/* Begin PBXFrameworksBuildPhase section */
		B49EDE2F1B016E5300A64E02 /* Frameworks */ = {
			isa = PBXFrameworksBuildPhase;
			buildActionMask = 2147483647;
			files = (
			);
			runOnlyForDeploymentPostprocessing = 0;
		};
		B49EDE441B016E5300A64E02 /* Frameworks */ = {
			isa = PBXFrameworksBuildPhase;
			buildActionMask = 2147483647;
			files = (
			);
			runOnlyForDeploymentPostprocessing = 0;
		};
/* End PBXFrameworksBuildPhase section */

/* Begin PBXGroup section */
		B49EDE291B016E5300A64E02 = {
			isa = PBXGroup;
			children = (
				B49EDE341B016E5300A64E02 /* orientations */,
				B49EDE4A1B016E5300A64E02 /* orientationsTests */,
				B49EDE331B016E5300A64E02 /* Products */,
			);
			sourceTree = "<group>";
		};
		B49EDE331B016E5300A64E02 /* Products */ = {
			isa = PBXGroup;
			children = (
				B49EDE321B016E5300A64E02 /* orientations.app */,
				B49EDE471B016E5300A64E02 /* orientationsTests.xctest */,
			);
			name = Products;
			sourceTree = "<group>";
		};
		B49EDE341B016E5300A64E02 /* orientations */ = {
			isa = PBXGroup;
			children = (
				B49EDE371B016E5300A64E02 /* AppDelegate.swift */,
				B49EDE391B016E5300A64E02 /* ViewController.swift */,
				B49EDE3B1B016E5300A64E02 /* Main.storyboard */,
				B49EDE3E1B016E5300A64E02 /* Images.xcassets */,
				B49EDE401B016E5300A64E02 /* LaunchScreen.xib */,
				B49EDE351B016E5300A64E02 /* Supporting Files */,
			);
			path = orientations;
			sourceTree = "<group>";
		};
		B49EDE351B016E5300A64E02 /* Supporting Files */ = {
			isa = PBXGroup;
			children = (
				B49EDE361B016E5300A64E02 /* Info.plist */,
			);
			name = "Supporting Files";
			sourceTree = "<group>";
		};
		B49EDE4A1B016E5300A64E02 /* orientationsTests */ = {
			isa = PBXGroup;
			children = (
				B49EDE4D1B016E5300A64E02 /* orientationsTests.swift */,
				B49EDE4B1B016E5300A64E02 /* Supporting Files */,
			);
			path = orientationsTests;
			sourceTree = "<group>";
		};
		B49EDE4B1B016E5300A64E02 /* Supporting Files */ = {
			isa = PBXGroup;
			children = (
				B49EDE4C1B016E5300A64E02 /* Info.plist */,
			);
			name = "Supporting Files";
			sourceTree = "<group>";
		};
/* End PBXGroup section */

/* Begin PBXNativeTarget section */
		B49EDE311B016E5300A64E02 /* orientations */ = {
			isa = PBXNativeTarget;
			buildConfigurationList = B49EDE511B016E5300A64E02 /* Build configuration list for PBXNativeTarget "orientations" */;
			buildPhases = (
				B49EDE2E1B016E5300A64E02 /* Sources */,
				B49EDE2F1B016E5300A64E02 /* Frameworks */,
				B49EDE301B016E5300A64E02 /* Resources */,
			);
			buildRules = (
			);
			dependencies = (
			);
			name = orientations;
			productName = orientations;
			productReference = B49EDE321B016E5300A64E02 /* orientations.app */;
			productType = "com.apple.product-type.application";
		};
		B49EDE461B016E5300A64E02 /* orientationsTests */ = {
			isa = PBXNativeTarget;
			buildConfigurationList = B49EDE541B016E5300A64E02 /* Build configuration list for PBXNativeTarget "orientationsTests" */;
			buildPhases = (
				B49EDE431B016E5300A64E02 /* Sources */,
				B49EDE441B016E5300A64E02 /* Frameworks */,
				B49EDE451B016E5300A64E02 /* Resources */,
			);
			buildRules = (
			);
			dependencies = (
				B49EDE491B016E5300A64E02 /* PBXTargetDependency */,
			);
			name = orientationsTests;
			productName = orientationsTests;
			productReference = B49EDE471B016E5300A64E02 /* orientationsTests.xctest */;
			productType = "com.apple.product-type.bundle.unit-test";
		};
/* End PBXNativeTarget section */

/* Begin PBXProject section */
		B49EDE2A1B016E5300A64E02 /* Project object */ = {
			isa = PBXProject;
			attributes = {
				LastUpgradeCheck = 0630;
				ORGANIZATIONNAME = hunk;
				TargetAttributes = {
					B49EDE311B016E5300A64E02 = {
						CreatedOnToolsVersion = 6.3;
					};
					B49EDE461B016E5300A64E02 = {
						CreatedOnToolsVersion = 6.3;
						TestTargetID = B49EDE311B016E5300A64E02;
					};
				};
			};
			buildConfigurationList = B49EDE2D1B016E5300A64E02 /* Build configuration list for PBXProject "orientations" */;
			compatibilityVersion = "Xcode 3.2";
			developmentRegion = English;
			hasScannedForEncodings = 0;
			knownRegions = (
				en,
				Base,
			);
			mainGroup = B49EDE291B016E5300A64E02;
			productRefGroup = B49EDE331B016E5300A64E02 /* Products */;
			projectDirPath = "";
			projectRoot = "";
			targets = (
				B49EDE311B016E5300A64E02 /* orientations */,
				B49EDE461B016E5300A64E02 /* orientationsTests */,
			);
		};
/* End PBXProject section */

/* Begin PBXResourcesBuildPhase section */
		B49EDE301B016E5300A64E02 /* Resources */ = {
			isa = PBXResourcesBuildPhase;
			buildActionMask = 2147483647;
			files = (
				B49EDE3D1B016E5300A64E02 /* Main.storyboard in Resources */,
				B49EDE421B016E5300A64E02 /* LaunchScreen.xib in Resources */,
				B49EDE3F1B016E5300A64E02 /* Images.xcassets in Resources */,
			);
			runOnlyForDeploymentPostprocessing = 0;
		};
		B49EDE451B016E5300A64E02 /* Resources */ = {
			isa = PBXResourcesBuildPhase;
			buildActionMask = 2147483647;
			files = (
			);
			runOnlyForDeploymentPostprocessing = 0;
		};
/* End PBXResourcesBuildPhase section */

/* Begin PBXSourcesBuildPhase section */
		B49EDE2E1B016E5300A64E02 /* Sources */ = {
			isa = PBXSourcesBuildPhase;
			buildActionMask = 2147483647;
			files = (
				B49EDE3A1B016E5300A64E02 /* ViewController.swift in Sources */,
				B49EDE381B016E5300A64E02 /* AppDelegate.swift in Sources */,
			);
			runOnlyForDeploymentPostprocessing = 0;
		};
		B49EDE431B016E5300A64E02 /* Sources */ = {
			isa = PBXSourcesBuildPhase;
			buildActionMask = 2147483647;
			files = (
				B49EDE4E1B016E5300A64E02 /* orientationsTests.swift in Sources */,
			);
			runOnlyForDeploymentPostprocessing = 0;
		};
/* End PBXSourcesBuildPhase section */

/* Begin PBXTargetDependency section */
		B49EDE491B016E5300A64E02 /* PBXTargetDependency */ = {
			isa = PBXTargetDependency;
			target = B49EDE311B016E5300A64E02 /* orientations */;
			targetProxy = B49EDE481B016E5300A64E02 /* PBXContainerItemProxy */;
		};
/* End PBXTargetDependency section */

/* Begin PBXVariantGroup section */
		B49EDE3B1B016E5300A64E02 /* Main.storyboard */ = {
			isa = PBXVariantGroup;
			children = (
				B49EDE3C1B016E5300A64E02 /* Base */,
			);
			name = Main.storyboard;
			sourceTree = "<group>";
		};
		B49EDE401B016E5300A64E02 /* LaunchScreen.xib */ = {
			isa = PBXVariantGroup;
			children = (
				B49EDE411B016E5300A64E02 /* Base */,
			);
			name = LaunchScreen.xib;
			sourceTree = "<group>";
		};
/* End PBXVariantGroup section */

/* Begin XCBuildConfiguration section */
		B49EDE4F1B016E5300A64E02 /* Debug */ = {
			isa = XCBuildConfiguration;
			buildSettings = {
				ALWAYS_SEARCH_USER_PATHS = NO;
				CLANG_CXX_LANGUAGE_STANDARD = "gnu++0x";
				CLANG_CXX_LIBRARY = "libc++";
				CLANG_ENABLE_MODULES = YES;
				CLANG_ENABLE_OBJC_ARC = YES;
				CLANG_WARN_BOOL_CONVERSION = YES;
				CLANG_WARN_CONSTANT_CONVERSION = YES;
				CLANG_WARN_DIRECT_OBJC_ISA_USAGE = YES_ERROR;
				CLANG_WARN_EMPTY_BODY = YES;
				CLANG_WARN_ENUM_CONVERSION = YES;
				CLANG_WARN_INT_CONVERSION = YES;
				CLANG_WARN_OBJC_ROOT_CLASS = YES_ERROR;
				CLANG_WARN_UNREACHABLE_CODE = YES;
				CLANG_WARN__DUPLICATE_METHOD_MATCH = YES;
				"CODE_SIGN_IDENTITY[sdk=iphoneos*]" = "iPhone Developer";
				COPY_PHASE_STRIP = NO;
				DEBUG_INFORMATION_FORMAT = "dwarf-with-dsym";
				ENABLE_STRICT_OBJC_MSGSEND = YES;
				GCC_C_LANGUAGE_STANDARD = gnu99;
				GCC_DYNAMIC_NO_PIC = NO;
				GCC_NO_COMMON_BLOCKS = YES;
				GCC_OPTIMIZATION_LEVEL = 0;
				GCC_PREPROCESSOR_DEFINITIONS = (
					"DEBUG=1",
					"$(inherited)",
				);
				GCC_SYMBOLS_PRIVATE_EXTERN = NO;
				GCC_WARN_64_TO_32_BIT_CONVERSION = YES;
				GCC_WARN_ABOUT_RETURN_TYPE = YES_ERROR;
				GCC_WARN_UNDECLARED_SELECTOR = YES;
				GCC_WARN_UNINITIALIZED_AUTOS = YES_AGGRESSIVE;
				GCC_WARN_UNUSED_FUNCTION = YES;
				GCC_WARN_UNUSED_VARIABLE = YES;
				IPHONEOS_DEPLOYMENT_TARGET = 8.3;
				MTL_ENABLE_DEBUG_INFO = YES;
				ONLY_ACTIVE_ARCH = YES;
				SDKROOT = iphoneos;
				SWIFT_OPTIMIZATION_LEVEL = "-Onone";
				TARGETED_DEVICE_FAMILY = "1,2";
			};
			name = Debug;
		};
		B49EDE501B016E5300A64E02 /* Release */ = {
			isa = XCBuildConfiguration;
			buildSettings = {
				ALWAYS_SEARCH_USER_PATHS = NO;
				CLANG_CXX_LANGUAGE_STANDARD = "gnu++0x";
				CLANG_CXX_LIBRARY = "libc++";
				CLANG_ENABLE_MODULES = YES;
				CLANG_ENABLE_OBJC_ARC = YES;
				CLANG_WARN_BOOL_CONVERSION = YES;
				CLANG_WARN_CONSTANT_CONVERSION = YES;
				CLANG_WARN_DIRECT_OBJC_ISA_USAGE = YES_ERROR;
				CLANG_WARN_EMPTY_BODY = YES;
				CLANG_WARN_ENUM_CONVERSION = YES;
				CLANG_WARN_INT_CONVERSION = YES;
				CLANG_WARN_OBJC_ROOT_CLASS = YES_ERROR;
				CLANG_WARN_UNREACHABLE_CODE = YES;
				CLANG_WARN__DUPLICATE_METHOD_MATCH = YES;
				"CODE_SIGN_IDENTITY[sdk=iphoneos*]" = "iPhone Developer";
				COPY_PHASE_STRIP = NO;
				DEBUG_INFORMATION_FORMAT = "dwarf-with-dsym";
				ENABLE_NS_ASSERTIONS = NO;
				ENABLE_STRICT_OBJC_MSGSEND = YES;
				GCC_C_LANGUAGE_STANDARD = gnu99;
				GCC_NO_COMMON_BLOCKS = YES;
				GCC_WARN_64_TO_32_BIT_CONVERSION = YES;
				GCC_WARN_ABOUT_RETURN_TYPE = YES_ERROR;
				GCC_WARN_UNDECLARED_SELECTOR = YES;
				GCC_WARN_UNINITIALIZED_AUTOS = YES_AGGRESSIVE;
				GCC_WARN_UNUSED_FUNCTION = YES;
				GCC_WARN_UNUSED_VARIABLE = YES;
				IPHONEOS_DEPLOYMENT_TARGET = 8.3;
				MTL_ENABLE_DEBUG_INFO = NO;
				SDKROOT = iphoneos;
				TARGETED_DEVICE_FAMILY = "1,2";
				VALIDATE_PRODUCT = YES;
			};
			name = Release;
		};
		B49EDE521B016E5300A64E02 /* Debug */ = {
			isa = XCBuildConfiguration;
			buildSettings = {
				ASSETCATALOG_COMPILER_APPICON_NAME = AppIcon;
				INFOPLIST_FILE = orientations/Info.plist;
				LD_RUNPATH_SEARCH_PATHS = "$(inherited) @executable_path/Frameworks";
				PRODUCT_NAME = "$(TARGET_NAME)";
			};
			name = Debug;
		};
		B49EDE531B016E5300A64E02 /* Release */ = {
			isa = XCBuildConfiguration;
			buildSettings = {
				ASSETCATALOG_COMPILER_APPICON_NAME = AppIcon;
				INFOPLIST_FILE = orientations/Info.plist;
				LD_RUNPATH_SEARCH_PATHS = "$(inherited) @executable_path/Frameworks";
				PRODUCT_NAME = "$(TARGET_NAME)";
			};
			name = Release;
		};
		B49EDE551B016E5300A64E02 /* Debug */ = {
			isa = XCBuildConfiguration;
			buildSettings = {
				BUNDLE_LOADER = "$(TEST_HOST)";
				FRAMEWORK_SEARCH_PATHS = (
					"$(SDKROOT)/Developer/Library/Frameworks",
					"$(inherited)",
				);
				GCC_PREPROCESSOR_DEFINITIONS = (
					"DEBUG=1",
					"$(inherited)",
				);
				INFOPLIST_FILE = orientationsTests/Info.plist;
				LD_RUNPATH_SEARCH_PATHS = "$(inherited) @executable_path/Frameworks @loader_path/Frameworks";
				PRODUCT_NAME = "$(TARGET_NAME)";
				TEST_HOST = "$(BUILT_PRODUCTS_DIR)/orientations.app/orientations";
			};
			name = Debug;
		};
		B49EDE561B016E5300A64E02 /* Release */ = {
			isa = XCBuildConfiguration;
			buildSettings = {
				BUNDLE_LOADER = "$(TEST_HOST)";
				FRAMEWORK_SEARCH_PATHS = (
					"$(SDKROOT)/Developer/Library/Frameworks",
					"$(inherited)",
				);
				INFOPLIST_FILE = orientationsTests/Info.plist;
				LD_RUNPATH_SEARCH_PATHS = "$(inherited) @executable_path/Frameworks @loader_path/Frameworks";
				PRODUCT_NAME = "$(TARGET_NAME)";
				TEST_HOST = "$(BUILT_PRODUCTS_DIR)/orientations.app/orientations";
			};
			name = Release;
		};
/* End XCBuildConfiguration section */

/* Begin XCConfigurationList section */
		B49EDE2D1B016E5300A64E02 /* Build configuration list for PBXProject "orientations" */ = {
			isa = XCConfigurationList;
			buildConfigurations = (
				B49EDE4F1B016E5300A64E02 /* Debug */,
				B49EDE501B016E5300A64E02 /* Release */,
			);
			defaultConfigurationIsVisible = 0;
			defaultConfigurationName = Release;
		};
		B49EDE511B016E5300A64E02 /* Build configuration list for PBXNativeTarget "orientations" */ = {
			isa = XCConfigurationList;
			buildConfigurations = (
				B49EDE521B016E5300A64E02 /* Debug */,
				B49EDE531B016E5300A64E02 /* Release */,
			);
			defaultConfigurationIsVisible = 0;
		};
		B49EDE541B016E5300A64E02 /* Build configuration list for PBXNativeTarget "orientationsTests" */ = {
			isa = XCConfigurationList;
			buildConfigurations = (
				B49EDE551B016E5300A64E02 /* Debug */,
				B49EDE561B016E5300A64E02 /* Release */,
			);
			defaultConfigurationIsVisible = 0;
		};
/* End XCConfigurationList section */
	};
	rootObject = B49EDE2A1B016E5300A64E02 /* Project object */;
}
