// !$*UTF8*$!
{
	archiveVersion = 1;
	classes = {
	};
	objectVersion = 46;
	objects = {

/* Begin PBXBuildFile section */
		B4B165341B14EC2B00C90C28 /* AppDelegate.swift in Sources */ = {isa = PBXBuildFile; fileRef = B4B165331B14EC2B00C90C28 /* AppDelegate.swift */; };
		B4B165361B14EC2B00C90C28 /* ViewController.swift in Sources */ = {isa = PBXBuildFile; fileRef = B4B165351B14EC2B00C90C28 /* ViewController.swift */; };
		B4B165391B14EC2B00C90C28 /* Main.storyboard in Resources */ = {isa = PBXBuildFile; fileRef = B4B165371B14EC2B00C90C28 /* Main.storyboard */; };
		B4B1653B1B14EC2B00C90C28 /* Images.xcassets in Resources */ = {isa = PBXBuildFile; fileRef = B4B1653A1B14EC2B00C90C28 /* Images.xcassets */; };
		B4B1653E1B14EC2B00C90C28 /* LaunchScreen.xib in Resources */ = {isa = PBXBuildFile; fileRef = B4B1653C1B14EC2B00C90C28 /* LaunchScreen.xib */; };
		B4B1654A1B14EC2B00C90C28 /* LocaTestTests.swift in Sources */ = {isa = PBXBuildFile; fileRef = B4B165491B14EC2B00C90C28 /* LocaTestTests.swift */; };
/* End PBXBuildFile section */

/* Begin PBXContainerItemProxy section */
		B4B165441B14EC2B00C90C28 /* PBXContainerItemProxy */ = {
			isa = PBXContainerItemProxy;
			containerPortal = B4B165261B14EC2B00C90C28 /* Project object */;
			proxyType = 1;
			remoteGlobalIDString = B4B1652D1B14EC2B00C90C28;
			remoteInfo = LocaTest;
		};
/* End PBXContainerItemProxy section */

/* Begin PBXFileReference section */
		B4B1652E1B14EC2B00C90C28 /* LocaTest.app */ = {isa = PBXFileReference; explicitFileType = wrapper.application; includeInIndex = 0; path = LocaTest.app; sourceTree = BUILT_PRODUCTS_DIR; };
		B4B165321B14EC2B00C90C28 /* Info.plist */ = {isa = PBXFileReference; lastKnownFileType = text.plist.xml; path = Info.plist; sourceTree = "<group>"; };
		B4B165331B14EC2B00C90C28 /* AppDelegate.swift */ = {isa = PBXFileReference; lastKnownFileType = sourcecode.swift; path = AppDelegate.swift; sourceTree = "<group>"; };
		B4B165351B14EC2B00C90C28 /* ViewController.swift */ = {isa = PBXFileReference; lastKnownFileType = sourcecode.swift; path = ViewController.swift; sourceTree = "<group>"; };
		B4B165381B14EC2B00C90C28 /* Base */ = {isa = PBXFileReference; lastKnownFileType = file.storyboard; name = Base; path = Base.lproj/Main.storyboard; sourceTree = "<group>"; };
		B4B1653A1B14EC2B00C90C28 /* Images.xcassets */ = {isa = PBXFileReference; lastKnownFileType = folder.assetcatalog; path = Images.xcassets; sourceTree = "<group>"; };
		B4B1653D1B14EC2B00C90C28 /* Base */ = {isa = PBXFileReference; lastKnownFileType = file.xib; name = Base; path = Base.lproj/LaunchScreen.xib; sourceTree = "<group>"; };
		B4B165431B14EC2B00C90C28 /* LocaTestTests.xctest */ = {isa = PBXFileReference; explicitFileType = wrapper.cfbundle; includeInIndex = 0; path = LocaTestTests.xctest; sourceTree = BUILT_PRODUCTS_DIR; };
		B4B165481B14EC2B00C90C28 /* Info.plist */ = {isa = PBXFileReference; lastKnownFileType = text.plist.xml; path = Info.plist; sourceTree = "<group>"; };
		B4B165491B14EC2B00C90C28 /* LocaTestTests.swift */ = {isa = PBXFileReference; lastKnownFileType = sourcecode.swift; path = LocaTestTests.swift; sourceTree = "<group>"; };
/* End PBXFileReference section */

/* Begin PBXFrameworksBuildPhase section */
		B4B1652B1B14EC2B00C90C28 /* Frameworks */ = {
			isa = PBXFrameworksBuildPhase;
			buildActionMask = 2147483647;
			files = (
			);
			runOnlyForDeploymentPostprocessing = 0;
		};
		B4B165401B14EC2B00C90C28 /* Frameworks */ = {
			isa = PBXFrameworksBuildPhase;
			buildActionMask = 2147483647;
			files = (
			);
			runOnlyForDeploymentPostprocessing = 0;
		};
/* End PBXFrameworksBuildPhase section */

/* Begin PBXGroup section */
		B4B165251B14EC2B00C90C28 = {
			isa = PBXGroup;
			children = (
				B4B165301B14EC2B00C90C28 /* LocaTest */,
				B4B165461B14EC2B00C90C28 /* LocaTestTests */,
				B4B1652F1B14EC2B00C90C28 /* Products */,
			);
			sourceTree = "<group>";
		};
		B4B1652F1B14EC2B00C90C28 /* Products */ = {
			isa = PBXGroup;
			children = (
				B4B1652E1B14EC2B00C90C28 /* LocaTest.app */,
				B4B165431B14EC2B00C90C28 /* LocaTestTests.xctest */,
			);
			name = Products;
			sourceTree = "<group>";
		};
		B4B165301B14EC2B00C90C28 /* LocaTest */ = {
			isa = PBXGroup;
			children = (
				B4B165331B14EC2B00C90C28 /* AppDelegate.swift */,
				B4B165351B14EC2B00C90C28 /* ViewController.swift */,
				B4B165371B14EC2B00C90C28 /* Main.storyboard */,
				B4B1653A1B14EC2B00C90C28 /* Images.xcassets */,
				B4B1653C1B14EC2B00C90C28 /* LaunchScreen.xib */,
				B4B165311B14EC2B00C90C28 /* Supporting Files */,
			);
			path = LocaTest;
			sourceTree = "<group>";
		};
		B4B165311B14EC2B00C90C28 /* Supporting Files */ = {
			isa = PBXGroup;
			children = (
				B4B165321B14EC2B00C90C28 /* Info.plist */,
			);
			name = "Supporting Files";
			sourceTree = "<group>";
		};
		B4B165461B14EC2B00C90C28 /* LocaTestTests */ = {
			isa = PBXGroup;
			children = (
				B4B165491B14EC2B00C90C28 /* LocaTestTests.swift */,
				B4B165471B14EC2B00C90C28 /* Supporting Files */,
			);
			path = LocaTestTests;
			sourceTree = "<group>";
		};
		B4B165471B14EC2B00C90C28 /* Supporting Files */ = {
			isa = PBXGroup;
			children = (
				B4B165481B14EC2B00C90C28 /* Info.plist */,
			);
			name = "Supporting Files";
			sourceTree = "<group>";
		};
/* End PBXGroup section */

/* Begin PBXNativeTarget section */
		B4B1652D1B14EC2B00C90C28 /* LocaTest */ = {
			isa = PBXNativeTarget;
			buildConfigurationList = B4B1654D1B14EC2B00C90C28 /* Build configuration list for PBXNativeTarget "LocaTest" */;
			buildPhases = (
				B4B1652A1B14EC2B00C90C28 /* Sources */,
				B4B1652B1B14EC2B00C90C28 /* Frameworks */,
				B4B1652C1B14EC2B00C90C28 /* Resources */,
			);
			buildRules = (
			);
			dependencies = (
			);
			name = LocaTest;
			productName = LocaTest;
			productReference = B4B1652E1B14EC2B00C90C28 /* LocaTest.app */;
			productType = "com.apple.product-type.application";
		};
		B4B165421B14EC2B00C90C28 /* LocaTestTests */ = {
			isa = PBXNativeTarget;
			buildConfigurationList = B4B165501B14EC2B00C90C28 /* Build configuration list for PBXNativeTarget "LocaTestTests" */;
			buildPhases = (
				B4B1653F1B14EC2B00C90C28 /* Sources */,
				B4B165401B14EC2B00C90C28 /* Frameworks */,
				B4B165411B14EC2B00C90C28 /* Resources */,
			);
			buildRules = (
			);
			dependencies = (
				B4B165451B14EC2B00C90C28 /* PBXTargetDependency */,
			);
			name = LocaTestTests;
			productName = LocaTestTests;
			productReference = B4B165431B14EC2B00C90C28 /* LocaTestTests.xctest */;
			productType = "com.apple.product-type.bundle.unit-test";
		};
/* End PBXNativeTarget section */

/* Begin PBXProject section */
		B4B165261B14EC2B00C90C28 /* Project object */ = {
			isa = PBXProject;
			attributes = {
				LastUpgradeCheck = 0630;
				ORGANIZATIONNAME = hunk;
				TargetAttributes = {
					B4B1652D1B14EC2B00C90C28 = {
						CreatedOnToolsVersion = 6.3;
						SystemCapabilities = {
							com.apple.BackgroundModes = {
								enabled = 1;
							};
						};
					};
					B4B165421B14EC2B00C90C28 = {
						CreatedOnToolsVersion = 6.3;
						TestTargetID = B4B1652D1B14EC2B00C90C28;
					};
				};
			};
			buildConfigurationList = B4B165291B14EC2B00C90C28 /* Build configuration list for PBXProject "LocaTest" */;
			compatibilityVersion = "Xcode 3.2";
			developmentRegion = English;
			hasScannedForEncodings = 0;
			knownRegions = (
				en,
				Base,
			);
			mainGroup = B4B165251B14EC2B00C90C28;
			productRefGroup = B4B1652F1B14EC2B00C90C28 /* Products */;
			projectDirPath = "";
			projectRoot = "";
			targets = (
				B4B1652D1B14EC2B00C90C28 /* LocaTest */,
				B4B165421B14EC2B00C90C28 /* LocaTestTests */,
			);
		};
/* End PBXProject section */

/* Begin PBXResourcesBuildPhase section */
		B4B1652C1B14EC2B00C90C28 /* Resources */ = {
			isa = PBXResourcesBuildPhase;
			buildActionMask = 2147483647;
			files = (
				B4B165391B14EC2B00C90C28 /* Main.storyboard in Resources */,
				B4B1653E1B14EC2B00C90C28 /* LaunchScreen.xib in Resources */,
				B4B1653B1B14EC2B00C90C28 /* Images.xcassets in Resources */,
			);
			runOnlyForDeploymentPostprocessing = 0;
		};
		B4B165411B14EC2B00C90C28 /* Resources */ = {
			isa = PBXResourcesBuildPhase;
			buildActionMask = 2147483647;
			files = (
			);
			runOnlyForDeploymentPostprocessing = 0;
		};
/* End PBXResourcesBuildPhase section */

/* Begin PBXSourcesBuildPhase section */
		B4B1652A1B14EC2B00C90C28 /* Sources */ = {
			isa = PBXSourcesBuildPhase;
			buildActionMask = 2147483647;
			files = (
				B4B165361B14EC2B00C90C28 /* ViewController.swift in Sources */,
				B4B165341B14EC2B00C90C28 /* AppDelegate.swift in Sources */,
			);
			runOnlyForDeploymentPostprocessing = 0;
		};
		B4B1653F1B14EC2B00C90C28 /* Sources */ = {
			isa = PBXSourcesBuildPhase;
			buildActionMask = 2147483647;
			files = (
				B4B1654A1B14EC2B00C90C28 /* LocaTestTests.swift in Sources */,
			);
			runOnlyForDeploymentPostprocessing = 0;
		};
/* End PBXSourcesBuildPhase section */

/* Begin PBXTargetDependency section */
		B4B165451B14EC2B00C90C28 /* PBXTargetDependency */ = {
			isa = PBXTargetDependency;
			target = B4B1652D1B14EC2B00C90C28 /* LocaTest */;
			targetProxy = B4B165441B14EC2B00C90C28 /* PBXContainerItemProxy */;
		};
/* End PBXTargetDependency section */

/* Begin PBXVariantGroup section */
		B4B165371B14EC2B00C90C28 /* Main.storyboard */ = {
			isa = PBXVariantGroup;
			children = (
				B4B165381B14EC2B00C90C28 /* Base */,
			);
			name = Main.storyboard;
			sourceTree = "<group>";
		};
		B4B1653C1B14EC2B00C90C28 /* LaunchScreen.xib */ = {
			isa = PBXVariantGroup;
			children = (
				B4B1653D1B14EC2B00C90C28 /* Base */,
			);
			name = LaunchScreen.xib;
			sourceTree = "<group>";
		};
/* End PBXVariantGroup section */

/* Begin XCBuildConfiguration section */
		B4B1654B1B14EC2B00C90C28 /* Debug */ = {
			isa = XCBuildConfiguration;
			buildSettings = {
				ALWAYS_SEARCH_USER_PATHS = NO;
				CLANG_CXX_LANGUAGE_STANDARD = "gnu++0x";
				CLANG_CXX_LIBRARY = "libc++";
				CLANG_ENABLE_MODULES = YES;
				CLANG_ENABLE_OBJC_ARC = YES;
				CLANG_WARN_BOOL_CONVERSION = YES;
				CLANG_WARN_CONSTANT_CONVERSION = YES;
				CLANG_WARN_DIRECT_OBJC_ISA_USAGE = YES_ERROR;
				CLANG_WARN_EMPTY_BODY = YES;
				CLANG_WARN_ENUM_CONVERSION = YES;
				CLANG_WARN_INT_CONVERSION = YES;
				CLANG_WARN_OBJC_ROOT_CLASS = YES_ERROR;
				CLANG_WARN_UNREACHABLE_CODE = YES;
				CLANG_WARN__DUPLICATE_METHOD_MATCH = YES;
				"CODE_SIGN_IDENTITY[sdk=iphoneos*]" = "iPhone Developer";
				COPY_PHASE_STRIP = NO;
				DEBUG_INFORMATION_FORMAT = "dwarf-with-dsym";
				ENABLE_STRICT_OBJC_MSGSEND = YES;
				GCC_C_LANGUAGE_STANDARD = gnu99;
				GCC_DYNAMIC_NO_PIC = NO;
				GCC_NO_COMMON_BLOCKS = YES;
				GCC_OPTIMIZATION_LEVEL = 0;
				GCC_PREPROCESSOR_DEFINITIONS = (
					"DEBUG=1",
					"$(inherited)",
				);
				GCC_SYMBOLS_PRIVATE_EXTERN = NO;
				GCC_WARN_64_TO_32_BIT_CONVERSION = YES;
				GCC_WARN_ABOUT_RETURN_TYPE = YES_ERROR;
				GCC_WARN_UNDECLARED_SELECTOR = YES;
				GCC_WARN_UNINITIALIZED_AUTOS = YES_AGGRESSIVE;
				GCC_WARN_UNUSED_FUNCTION = YES;
				GCC_WARN_UNUSED_VARIABLE = YES;
				IPHONEOS_DEPLOYMENT_TARGET = 8.3;
				MTL_ENABLE_DEBUG_INFO = YES;
				ONLY_ACTIVE_ARCH = YES;
				SDKROOT = iphoneos;
				SWIFT_OPTIMIZATION_LEVEL = "-Onone";
				TARGETED_DEVICE_FAMILY = "1,2";
			};
			name = Debug;
		};
		B4B1654C1B14EC2B00C90C28 /* Release */ = {
			isa = XCBuildConfiguration;
			buildSettings = {
				ALWAYS_SEARCH_USER_PATHS = NO;
				CLANG_CXX_LANGUAGE_STANDARD = "gnu++0x";
				CLANG_CXX_LIBRARY = "libc++";
				CLANG_ENABLE_MODULES = YES;
				CLANG_ENABLE_OBJC_ARC = YES;
				CLANG_WARN_BOOL_CONVERSION = YES;
				CLANG_WARN_CONSTANT_CONVERSION = YES;
				CLANG_WARN_DIRECT_OBJC_ISA_USAGE = YES_ERROR;
				CLANG_WARN_EMPTY_BODY = YES;
				CLANG_WARN_ENUM_CONVERSION = YES;
				CLANG_WARN_INT_CONVERSION = YES;
				CLANG_WARN_OBJC_ROOT_CLASS = YES_ERROR;
				CLANG_WARN_UNREACHABLE_CODE = YES;
				CLANG_WARN__DUPLICATE_METHOD_MATCH = YES;
				"CODE_SIGN_IDENTITY[sdk=iphoneos*]" = "iPhone Developer";
				COPY_PHASE_STRIP = NO;
				DEBUG_INFORMATION_FORMAT = "dwarf-with-dsym";
				ENABLE_NS_ASSERTIONS = NO;
				ENABLE_STRICT_OBJC_MSGSEND = YES;
				GCC_C_LANGUAGE_STANDARD = gnu99;
				GCC_NO_COMMON_BLOCKS = YES;
				GCC_WARN_64_TO_32_BIT_CONVERSION = YES;
				GCC_WARN_ABOUT_RETURN_TYPE = YES_ERROR;
				GCC_WARN_UNDECLARED_SELECTOR = YES;
				GCC_WARN_UNINITIALIZED_AUTOS = YES_AGGRESSIVE;
				GCC_WARN_UNUSED_FUNCTION = YES;
				GCC_WARN_UNUSED_VARIABLE = YES;
				IPHONEOS_DEPLOYMENT_TARGET = 8.3;
				MTL_ENABLE_DEBUG_INFO = NO;
				SDKROOT = iphoneos;
				TARGETED_DEVICE_FAMILY = "1,2";
				VALIDATE_PRODUCT = YES;
			};
			name = Release;
		};
		B4B1654E1B14EC2B00C90C28 /* Debug */ = {
			isa = XCBuildConfiguration;
			buildSettings = {
				ASSETCATALOG_COMPILER_APPICON_NAME = AppIcon;
				INFOPLIST_FILE = LocaTest/Info.plist;
				LD_RUNPATH_SEARCH_PATHS = "$(inherited) @executable_path/Frameworks";
				PRODUCT_NAME = "$(TARGET_NAME)";
			};
			name = Debug;
		};
		B4B1654F1B14EC2B00C90C28 /* Release */ = {
			isa = XCBuildConfiguration;
			buildSettings = {
				ASSETCATALOG_COMPILER_APPICON_NAME = AppIcon;
				INFOPLIST_FILE = LocaTest/Info.plist;
				LD_RUNPATH_SEARCH_PATHS = "$(inherited) @executable_path/Frameworks";
				PRODUCT_NAME = "$(TARGET_NAME)";
			};
			name = Release;
		};
		B4B165511B14EC2B00C90C28 /* Debug */ = {
			isa = XCBuildConfiguration;
			buildSettings = {
				BUNDLE_LOADER = "$(TEST_HOST)";
				FRAMEWORK_SEARCH_PATHS = (
					"$(SDKROOT)/Developer/Library/Frameworks",
					"$(inherited)",
				);
				GCC_PREPROCESSOR_DEFINITIONS = (
					"DEBUG=1",
					"$(inherited)",
				);
				INFOPLIST_FILE = LocaTestTests/Info.plist;
				LD_RUNPATH_SEARCH_PATHS = "$(inherited) @executable_path/Frameworks @loader_path/Frameworks";
				PRODUCT_NAME = "$(TARGET_NAME)";
				TEST_HOST = "$(BUILT_PRODUCTS_DIR)/LocaTest.app/LocaTest";
			};
			name = Debug;
		};
		B4B165521B14EC2B00C90C28 /* Release */ = {
			isa = XCBuildConfiguration;
			buildSettings = {
				BUNDLE_LOADER = "$(TEST_HOST)";
				FRAMEWORK_SEARCH_PATHS = (
					"$(SDKROOT)/Developer/Library/Frameworks",
					"$(inherited)",
				);
				INFOPLIST_FILE = LocaTestTests/Info.plist;
				LD_RUNPATH_SEARCH_PATHS = "$(inherited) @executable_path/Frameworks @loader_path/Frameworks";
				PRODUCT_NAME = "$(TARGET_NAME)";
				TEST_HOST = "$(BUILT_PRODUCTS_DIR)/LocaTest.app/LocaTest";
			};
			name = Release;
		};
/* End XCBuildConfiguration section */

/* Begin XCConfigurationList section */
		B4B165291B14EC2B00C90C28 /* Build configuration list for PBXProject "LocaTest" */ = {
			isa = XCConfigurationList;
			buildConfigurations = (
				B4B1654B1B14EC2B00C90C28 /* Debug */,
				B4B1654C1B14EC2B00C90C28 /* Release */,
			);
			defaultConfigurationIsVisible = 0;
			defaultConfigurationName = Release;
		};
		B4B1654D1B14EC2B00C90C28 /* Build configuration list for PBXNativeTarget "LocaTest" */ = {
			isa = XCConfigurationList;
			buildConfigurations = (
				B4B1654E1B14EC2B00C90C28 /* Debug */,
				B4B1654F1B14EC2B00C90C28 /* Release */,
			);
			defaultConfigurationIsVisible = 0;
		};
		B4B165501B14EC2B00C90C28 /* Build configuration list for PBXNativeTarget "LocaTestTests" */ = {
			isa = XCConfigurationList;
			buildConfigurations = (
				B4B165511B14EC2B00C90C28 /* Debug */,
				B4B165521B14EC2B00C90C28 /* Release */,
			);
			defaultConfigurationIsVisible = 0;
		};
/* End XCConfigurationList section */
	};
	rootObject = B4B165261B14EC2B00C90C28 /* Project object */;
}
