// !$*UTF8*$!
{
	archiveVersion = 1;
	classes = {
	};
	objectVersion = 46;
	objects = {

/* Begin PBXBuildFile section */
		B4EB70E21ABB64B500A2FB98 /* AppDelegate.swift in Sources */ = {isa = PBXBuildFile; fileRef = B4EB70E11ABB64B500A2FB98 /* AppDelegate.swift */; };
		B4EB70E41ABB64B500A2FB98 /* ViewController.swift in Sources */ = {isa = PBXBuildFile; fileRef = B4EB70E31ABB64B500A2FB98 /* ViewController.swift */; };
		B4EB70E71ABB64B500A2FB98 /* Main.storyboard in Resources */ = {isa = PBXBuildFile; fileRef = B4EB70E51ABB64B500A2FB98 /* Main.storyboard */; };
		B4EB70E91ABB64B500A2FB98 /* Images.xcassets in Resources */ = {isa = PBXBuildFile; fileRef = B4EB70E81ABB64B500A2FB98 /* Images.xcassets */; };
		B4EB70EC1ABB64B500A2FB98 /* LaunchScreen.xib in Resources */ = {isa = PBXBuildFile; fileRef = B4EB70EA1ABB64B500A2FB98 /* LaunchScreen.xib */; };
		B4EB70F81ABB64B500A2FB98 /* Button_FunTests.swift in Sources */ = {isa = PBXBuildFile; fileRef = B4EB70F71ABB64B500A2FB98 /* Button_FunTests.swift */; };
/* End PBXBuildFile section */

/* Begin PBXContainerItemProxy section */
		B4EB70F21ABB64B500A2FB98 /* PBXContainerItemProxy */ = {
			isa = PBXContainerItemProxy;
			containerPortal = B4EB70D41ABB64B500A2FB98 /* Project object */;
			proxyType = 1;
			remoteGlobalIDString = B4EB70DB1ABB64B500A2FB98;
			remoteInfo = "Button Fun";
		};
/* End PBXContainerItemProxy section */

/* Begin PBXFileReference section */
		B4EB70DC1ABB64B500A2FB98 /* Button Fun.app */ = {isa = PBXFileReference; explicitFileType = wrapper.application; includeInIndex = 0; path = "Button Fun.app"; sourceTree = BUILT_PRODUCTS_DIR; };
		B4EB70E01ABB64B500A2FB98 /* Info.plist */ = {isa = PBXFileReference; lastKnownFileType = text.plist.xml; path = Info.plist; sourceTree = "<group>"; };
		B4EB70E11ABB64B500A2FB98 /* AppDelegate.swift */ = {isa = PBXFileReference; lastKnownFileType = sourcecode.swift; path = AppDelegate.swift; sourceTree = "<group>"; };
		B4EB70E31ABB64B500A2FB98 /* ViewController.swift */ = {isa = PBXFileReference; lastKnownFileType = sourcecode.swift; path = ViewController.swift; sourceTree = "<group>"; };
		B4EB70E61ABB64B500A2FB98 /* Base */ = {isa = PBXFileReference; lastKnownFileType = file.storyboard; name = Base; path = Base.lproj/Main.storyboard; sourceTree = "<group>"; };
		B4EB70E81ABB64B500A2FB98 /* Images.xcassets */ = {isa = PBXFileReference; lastKnownFileType = folder.assetcatalog; path = Images.xcassets; sourceTree = "<group>"; };
		B4EB70EB1ABB64B500A2FB98 /* Base */ = {isa = PBXFileReference; lastKnownFileType = file.xib; name = Base; path = Base.lproj/LaunchScreen.xib; sourceTree = "<group>"; };
		B4EB70F11ABB64B500A2FB98 /* Button FunTests.xctest */ = {isa = PBXFileReference; explicitFileType = wrapper.cfbundle; includeInIndex = 0; path = "Button FunTests.xctest"; sourceTree = BUILT_PRODUCTS_DIR; };
		B4EB70F61ABB64B500A2FB98 /* Info.plist */ = {isa = PBXFileReference; lastKnownFileType = text.plist.xml; path = Info.plist; sourceTree = "<group>"; };
		B4EB70F71ABB64B500A2FB98 /* Button_FunTests.swift */ = {isa = PBXFileReference; lastKnownFileType = sourcecode.swift; path = Button_FunTests.swift; sourceTree = "<group>"; };
/* End PBXFileReference section */

/* Begin PBXFrameworksBuildPhase section */
		B4EB70D91ABB64B500A2FB98 /* Frameworks */ = {
			isa = PBXFrameworksBuildPhase;
			buildActionMask = 2147483647;
			files = (
			);
			runOnlyForDeploymentPostprocessing = 0;
		};
		B4EB70EE1ABB64B500A2FB98 /* Frameworks */ = {
			isa = PBXFrameworksBuildPhase;
			buildActionMask = 2147483647;
			files = (
			);
			runOnlyForDeploymentPostprocessing = 0;
		};
/* End PBXFrameworksBuildPhase section */

/* Begin PBXGroup section */
		B4EB70D31ABB64B500A2FB98 = {
			isa = PBXGroup;
			children = (
				B4EB70DE1ABB64B500A2FB98 /* Button Fun */,
				B4EB70F41ABB64B500A2FB98 /* Button FunTests */,
				B4EB70DD1ABB64B500A2FB98 /* Products */,
			);
			sourceTree = "<group>";
		};
		B4EB70DD1ABB64B500A2FB98 /* Products */ = {
			isa = PBXGroup;
			children = (
				B4EB70DC1ABB64B500A2FB98 /* Button Fun.app */,
				B4EB70F11ABB64B500A2FB98 /* Button FunTests.xctest */,
			);
			name = Products;
			sourceTree = "<group>";
		};
		B4EB70DE1ABB64B500A2FB98 /* Button Fun */ = {
			isa = PBXGroup;
			children = (
				B4EB70E11ABB64B500A2FB98 /* AppDelegate.swift */,
				B4EB70E31ABB64B500A2FB98 /* ViewController.swift */,
				B4EB70E51ABB64B500A2FB98 /* Main.storyboard */,
				B4EB70E81ABB64B500A2FB98 /* Images.xcassets */,
				B4EB70EA1ABB64B500A2FB98 /* LaunchScreen.xib */,
				B4EB70DF1ABB64B500A2FB98 /* Supporting Files */,
			);
			path = "Button Fun";
			sourceTree = "<group>";
		};
		B4EB70DF1ABB64B500A2FB98 /* Supporting Files */ = {
			isa = PBXGroup;
			children = (
				B4EB70E01ABB64B500A2FB98 /* Info.plist */,
			);
			name = "Supporting Files";
			sourceTree = "<group>";
		};
		B4EB70F41ABB64B500A2FB98 /* Button FunTests */ = {
			isa = PBXGroup;
			children = (
				B4EB70F71ABB64B500A2FB98 /* Button_FunTests.swift */,
				B4EB70F51ABB64B500A2FB98 /* Supporting Files */,
			);
			path = "Button FunTests";
			sourceTree = "<group>";
		};
		B4EB70F51ABB64B500A2FB98 /* Supporting Files */ = {
			isa = PBXGroup;
			children = (
				B4EB70F61ABB64B500A2FB98 /* Info.plist */,
			);
			name = "Supporting Files";
			sourceTree = "<group>";
		};
/* End PBXGroup section */

/* Begin PBXNativeTarget section */
		B4EB70DB1ABB64B500A2FB98 /* Button Fun */ = {
			isa = PBXNativeTarget;
			buildConfigurationList = B4EB70FB1ABB64B500A2FB98 /* Build configuration list for PBXNativeTarget "Button Fun" */;
			buildPhases = (
				B4EB70D81ABB64B500A2FB98 /* Sources */,
				B4EB70D91ABB64B500A2FB98 /* Frameworks */,
				B4EB70DA1ABB64B500A2FB98 /* Resources */,
			);
			buildRules = (
			);
			dependencies = (
			);
			name = "Button Fun";
			productName = "Button Fun";
			productReference = B4EB70DC1ABB64B500A2FB98 /* Button Fun.app */;
			productType = "com.apple.product-type.application";
		};
		B4EB70F01ABB64B500A2FB98 /* Button FunTests */ = {
			isa = PBXNativeTarget;
			buildConfigurationList = B4EB70FE1ABB64B500A2FB98 /* Build configuration list for PBXNativeTarget "Button FunTests" */;
			buildPhases = (
				B4EB70ED1ABB64B500A2FB98 /* Sources */,
				B4EB70EE1ABB64B500A2FB98 /* Frameworks */,
				B4EB70EF1ABB64B500A2FB98 /* Resources */,
			);
			buildRules = (
			);
			dependencies = (
				B4EB70F31ABB64B500A2FB98 /* PBXTargetDependency */,
			);
			name = "Button FunTests";
			productName = "Button FunTests";
			productReference = B4EB70F11ABB64B500A2FB98 /* Button FunTests.xctest */;
			productType = "com.apple.product-type.bundle.unit-test";
		};
/* End PBXNativeTarget section */

/* Begin PBXProject section */
		B4EB70D41ABB64B500A2FB98 /* Project object */ = {
			isa = PBXProject;
			attributes = {
				LastUpgradeCheck = 0620;
				ORGANIZATIONNAME = hunk;
				TargetAttributes = {
					B4EB70DB1ABB64B500A2FB98 = {
						CreatedOnToolsVersion = 6.2;
					};
					B4EB70F01ABB64B500A2FB98 = {
						CreatedOnToolsVersion = 6.2;
						TestTargetID = B4EB70DB1ABB64B500A2FB98;
					};
				};
			};
			buildConfigurationList = B4EB70D71ABB64B500A2FB98 /* Build configuration list for PBXProject "Button Fun" */;
			compatibilityVersion = "Xcode 3.2";
			developmentRegion = English;
			hasScannedForEncodings = 0;
			knownRegions = (
				en,
				Base,
			);
			mainGroup = B4EB70D31ABB64B500A2FB98;
			productRefGroup = B4EB70DD1ABB64B500A2FB98 /* Products */;
			projectDirPath = "";
			projectRoot = "";
			targets = (
				B4EB70DB1ABB64B500A2FB98 /* Button Fun */,
				B4EB70F01ABB64B500A2FB98 /* Button FunTests */,
			);
		};
/* End PBXProject section */

/* Begin PBXResourcesBuildPhase section */
		B4EB70DA1ABB64B500A2FB98 /* Resources */ = {
			isa = PBXResourcesBuildPhase;
			buildActionMask = 2147483647;
			files = (
				B4EB70E71ABB64B500A2FB98 /* Main.storyboard in Resources */,
				B4EB70EC1ABB64B500A2FB98 /* LaunchScreen.xib in Resources */,
				B4EB70E91ABB64B500A2FB98 /* Images.xcassets in Resources */,
			);
			runOnlyForDeploymentPostprocessing = 0;
		};
		B4EB70EF1ABB64B500A2FB98 /* Resources */ = {
			isa = PBXResourcesBuildPhase;
			buildActionMask = 2147483647;
			files = (
			);
			runOnlyForDeploymentPostprocessing = 0;
		};
/* End PBXResourcesBuildPhase section */

/* Begin PBXSourcesBuildPhase section */
		B4EB70D81ABB64B500A2FB98 /* Sources */ = {
			isa = PBXSourcesBuildPhase;
			buildActionMask = 2147483647;
			files = (
				B4EB70E41ABB64B500A2FB98 /* ViewController.swift in Sources */,
				B4EB70E21ABB64B500A2FB98 /* AppDelegate.swift in Sources */,
			);
			runOnlyForDeploymentPostprocessing = 0;
		};
		B4EB70ED1ABB64B500A2FB98 /* Sources */ = {
			isa = PBXSourcesBuildPhase;
			buildActionMask = 2147483647;
			files = (
				B4EB70F81ABB64B500A2FB98 /* Button_FunTests.swift in Sources */,
			);
			runOnlyForDeploymentPostprocessing = 0;
		};
/* End PBXSourcesBuildPhase section */

/* Begin PBXTargetDependency section */
		B4EB70F31ABB64B500A2FB98 /* PBXTargetDependency */ = {
			isa = PBXTargetDependency;
			target = B4EB70DB1ABB64B500A2FB98 /* Button Fun */;
			targetProxy = B4EB70F21ABB64B500A2FB98 /* PBXContainerItemProxy */;
		};
/* End PBXTargetDependency section */

/* Begin PBXVariantGroup section */
		B4EB70E51ABB64B500A2FB98 /* Main.storyboard */ = {
			isa = PBXVariantGroup;
			children = (
				B4EB70E61ABB64B500A2FB98 /* Base */,
			);
			name = Main.storyboard;
			sourceTree = "<group>";
		};
		B4EB70EA1ABB64B500A2FB98 /* LaunchScreen.xib */ = {
			isa = PBXVariantGroup;
			children = (
				B4EB70EB1ABB64B500A2FB98 /* Base */,
			);
			name = LaunchScreen.xib;
			sourceTree = "<group>";
		};
/* End PBXVariantGroup section */

/* Begin XCBuildConfiguration section */
		B4EB70F91ABB64B500A2FB98 /* Debug */ = {
			isa = XCBuildConfiguration;
			buildSettings = {
				ALWAYS_SEARCH_USER_PATHS = NO;
				CLANG_CXX_LANGUAGE_STANDARD = "gnu++0x";
				CLANG_CXX_LIBRARY = "libc++";
				CLANG_ENABLE_MODULES = YES;
				CLANG_ENABLE_OBJC_ARC = YES;
				CLANG_WARN_BOOL_CONVERSION = YES;
				CLANG_WARN_CONSTANT_CONVERSION = YES;
				CLANG_WARN_DIRECT_OBJC_ISA_USAGE = YES_ERROR;
				CLANG_WARN_EMPTY_BODY = YES;
				CLANG_WARN_ENUM_CONVERSION = YES;
				CLANG_WARN_INT_CONVERSION = YES;
				CLANG_WARN_OBJC_ROOT_CLASS = YES_ERROR;
				CLANG_WARN_UNREACHABLE_CODE = YES;
				CLANG_WARN__DUPLICATE_METHOD_MATCH = YES;
				"CODE_SIGN_IDENTITY[sdk=iphoneos*]" = "iPhone Developer";
				COPY_PHASE_STRIP = NO;
				ENABLE_STRICT_OBJC_MSGSEND = YES;
				GCC_C_LANGUAGE_STANDARD = gnu99;
				GCC_DYNAMIC_NO_PIC = NO;
				GCC_OPTIMIZATION_LEVEL = 0;
				GCC_PREPROCESSOR_DEFINITIONS = (
					"DEBUG=1",
					"$(inherited)",
				);
				GCC_SYMBOLS_PRIVATE_EXTERN = NO;
				GCC_WARN_64_TO_32_BIT_CONVERSION = YES;
				GCC_WARN_ABOUT_RETURN_TYPE = YES_ERROR;
				GCC_WARN_UNDECLARED_SELECTOR = YES;
				GCC_WARN_UNINITIALIZED_AUTOS = YES_AGGRESSIVE;
				GCC_WARN_UNUSED_FUNCTION = YES;
				GCC_WARN_UNUSED_VARIABLE = YES;
				IPHONEOS_DEPLOYMENT_TARGET = 8.2;
				MTL_ENABLE_DEBUG_INFO = YES;
				ONLY_ACTIVE_ARCH = YES;
				SDKROOT = iphoneos;
				SWIFT_OPTIMIZATION_LEVEL = "-Onone";
				TARGETED_DEVICE_FAMILY = "1,2";
			};
			name = Debug;
		};
		B4EB70FA1ABB64B500A2FB98 /* Release */ = {
			isa = XCBuildConfiguration;
			buildSettings = {
				ALWAYS_SEARCH_USER_PATHS = NO;
				CLANG_CXX_LANGUAGE_STANDARD = "gnu++0x";
				CLANG_CXX_LIBRARY = "libc++";
				CLANG_ENABLE_MODULES = YES;
				CLANG_ENABLE_OBJC_ARC = YES;
				CLANG_WARN_BOOL_CONVERSION = YES;
				CLANG_WARN_CONSTANT_CONVERSION = YES;
				CLANG_WARN_DIRECT_OBJC_ISA_USAGE = YES_ERROR;
				CLANG_WARN_EMPTY_BODY = YES;
				CLANG_WARN_ENUM_CONVERSION = YES;
				CLANG_WARN_INT_CONVERSION = YES;
				CLANG_WARN_OBJC_ROOT_CLASS = YES_ERROR;
				CLANG_WARN_UNREACHABLE_CODE = YES;
				CLANG_WARN__DUPLICATE_METHOD_MATCH = YES;
				"CODE_SIGN_IDENTITY[sdk=iphoneos*]" = "iPhone Developer";
				COPY_PHASE_STRIP = NO;
				ENABLE_NS_ASSERTIONS = NO;
				ENABLE_STRICT_OBJC_MSGSEND = YES;
				GCC_C_LANGUAGE_STANDARD = gnu99;
				GCC_WARN_64_TO_32_BIT_CONVERSION = YES;
				GCC_WARN_ABOUT_RETURN_TYPE = YES_ERROR;
				GCC_WARN_UNDECLARED_SELECTOR = YES;
				GCC_WARN_UNINITIALIZED_AUTOS = YES_AGGRESSIVE;
				GCC_WARN_UNUSED_FUNCTION = YES;
				GCC_WARN_UNUSED_VARIABLE = YES;
				IPHONEOS_DEPLOYMENT_TARGET = 8.2;
				MTL_ENABLE_DEBUG_INFO = NO;
				SDKROOT = iphoneos;
				TARGETED_DEVICE_FAMILY = "1,2";
				VALIDATE_PRODUCT = YES;
			};
			name = Release;
		};
		B4EB70FC1ABB64B500A2FB98 /* Debug */ = {
			isa = XCBuildConfiguration;
			buildSettings = {
				ASSETCATALOG_COMPILER_APPICON_NAME = AppIcon;
				INFOPLIST_FILE = "Button Fun/Info.plist";
				LD_RUNPATH_SEARCH_PATHS = "$(inherited) @executable_path/Frameworks";
				PRODUCT_NAME = "$(TARGET_NAME)";
			};
			name = Debug;
		};
		B4EB70FD1ABB64B500A2FB98 /* Release */ = {
			isa = XCBuildConfiguration;
			buildSettings = {
				ASSETCATALOG_COMPILER_APPICON_NAME = AppIcon;
				INFOPLIST_FILE = "Button Fun/Info.plist";
				LD_RUNPATH_SEARCH_PATHS = "$(inherited) @executable_path/Frameworks";
				PRODUCT_NAME = "$(TARGET_NAME)";
			};
			name = Release;
		};
		B4EB70FF1ABB64B500A2FB98 /* Debug */ = {
			isa = XCBuildConfiguration;
			buildSettings = {
				BUNDLE_LOADER = "$(TEST_HOST)";
				FRAMEWORK_SEARCH_PATHS = (
					"$(SDKROOT)/Developer/Library/Frameworks",
					"$(inherited)",
				);
				GCC_PREPROCESSOR_DEFINITIONS = (
					"DEBUG=1",
					"$(inherited)",
				);
				INFOPLIST_FILE = "Button FunTests/Info.plist";
				LD_RUNPATH_SEARCH_PATHS = "$(inherited) @executable_path/Frameworks @loader_path/Frameworks";
				PRODUCT_NAME = "$(TARGET_NAME)";
				TEST_HOST = "$(BUILT_PRODUCTS_DIR)/Button Fun.app/Button Fun";
			};
			name = Debug;
		};
		B4EB71001ABB64B500A2FB98 /* Release */ = {
			isa = XCBuildConfiguration;
			buildSettings = {
				BUNDLE_LOADER = "$(TEST_HOST)";
				FRAMEWORK_SEARCH_PATHS = (
					"$(SDKROOT)/Developer/Library/Frameworks",
					"$(inherited)",
				);
				INFOPLIST_FILE = "Button FunTests/Info.plist";
				LD_RUNPATH_SEARCH_PATHS = "$(inherited) @executable_path/Frameworks @loader_path/Frameworks";
				PRODUCT_NAME = "$(TARGET_NAME)";
				TEST_HOST = "$(BUILT_PRODUCTS_DIR)/Button Fun.app/Button Fun";
			};
			name = Release;
		};
/* End XCBuildConfiguration section */

/* Begin XCConfigurationList section */
		B4EB70D71ABB64B500A2FB98 /* Build configuration list for PBXProject "Button Fun" */ = {
			isa = XCConfigurationList;
			buildConfigurations = (
				B4EB70F91ABB64B500A2FB98 /* Debug */,
				B4EB70FA1ABB64B500A2FB98 /* Release */,
			);
			defaultConfigurationIsVisible = 0;
			defaultConfigurationName = Release;
		};
		B4EB70FB1ABB64B500A2FB98 /* Build configuration list for PBXNativeTarget "Button Fun" */ = {
			isa = XCConfigurationList;
			buildConfigurations = (
				B4EB70FC1ABB64B500A2FB98 /* Debug */,
				B4EB70FD1ABB64B500A2FB98 /* Release */,
			);
			defaultConfigurationIsVisible = 0;
		};
		B4EB70FE1ABB64B500A2FB98 /* Build configuration list for PBXNativeTarget "Button FunTests" */ = {
			isa = XCConfigurationList;
			buildConfigurations = (
				B4EB70FF1ABB64B500A2FB98 /* Debug */,
				B4EB71001ABB64B500A2FB98 /* Release */,
			);
			defaultConfigurationIsVisible = 0;
		};
/* End XCConfigurationList section */
	};
	rootObject = B4EB70D41ABB64B500A2FB98 /* Project object */;
}
