// !$*UTF8*$!
{
	archiveVersion = 1;
	classes = {
	};
	objectVersion = 46;
	objects = {

/* Begin PBXBuildFile section */
		B4D9D0AA1B02B578009D0AF6 /* AppDelegate.swift in Sources */ = {isa = PBXBuildFile; fileRef = B4D9D0A91B02B578009D0AF6 /* AppDelegate.swift */; };
		B4D9D0AF1B02B578009D0AF6 /* Main.storyboard in Resources */ = {isa = PBXBuildFile; fileRef = B4D9D0AD1B02B578009D0AF6 /* Main.storyboard */; };
		B4D9D0B11B02B578009D0AF6 /* Images.xcassets in Resources */ = {isa = PBXBuildFile; fileRef = B4D9D0B01B02B578009D0AF6 /* Images.xcassets */; };
		B4D9D0B41B02B578009D0AF6 /* LaunchScreen.xib in Resources */ = {isa = PBXBuildFile; fileRef = B4D9D0B21B02B578009D0AF6 /* LaunchScreen.xib */; };
		B4D9D0C01B02B578009D0AF6 /* View_SwitcherTests.swift in Sources */ = {isa = PBXBuildFile; fileRef = B4D9D0BF1B02B578009D0AF6 /* View_SwitcherTests.swift */; };
		B4D9D0CA1B02B60A009D0AF6 /* SwitchingViewController.swift in Sources */ = {isa = PBXBuildFile; fileRef = B4D9D0C91B02B60A009D0AF6 /* SwitchingViewController.swift */; };
		B4D9D0CC1B02B691009D0AF6 /* BlueViewController.swift in Sources */ = {isa = PBXBuildFile; fileRef = B4D9D0CB1B02B691009D0AF6 /* BlueViewController.swift */; };
		B4D9D0CE1B02B6A2009D0AF6 /* YellowViewController.swift in Sources */ = {isa = PBXBuildFile; fileRef = B4D9D0CD1B02B6A2009D0AF6 /* YellowViewController.swift */; };
/* End PBXBuildFile section */

/* Begin PBXContainerItemProxy section */
		B4D9D0BA1B02B578009D0AF6 /* PBXContainerItemProxy */ = {
			isa = PBXContainerItemProxy;
			containerPortal = B4D9D09C1B02B578009D0AF6 /* Project object */;
			proxyType = 1;
			remoteGlobalIDString = B4D9D0A31B02B578009D0AF6;
			remoteInfo = "View Switcher";
		};
/* End PBXContainerItemProxy section */

/* Begin PBXFileReference section */
		B4D9D0A41B02B578009D0AF6 /* View Switcher.app */ = {isa = PBXFileReference; explicitFileType = wrapper.application; includeInIndex = 0; path = "View Switcher.app"; sourceTree = BUILT_PRODUCTS_DIR; };
		B4D9D0A81B02B578009D0AF6 /* Info.plist */ = {isa = PBXFileReference; lastKnownFileType = text.plist.xml; path = Info.plist; sourceTree = "<group>"; };
		B4D9D0A91B02B578009D0AF6 /* AppDelegate.swift */ = {isa = PBXFileReference; lastKnownFileType = sourcecode.swift; path = AppDelegate.swift; sourceTree = "<group>"; };
		B4D9D0AE1B02B578009D0AF6 /* Base */ = {isa = PBXFileReference; lastKnownFileType = file.storyboard; name = Base; path = Base.lproj/Main.storyboard; sourceTree = "<group>"; };
		B4D9D0B01B02B578009D0AF6 /* Images.xcassets */ = {isa = PBXFileReference; lastKnownFileType = folder.assetcatalog; path = Images.xcassets; sourceTree = "<group>"; };
		B4D9D0B31B02B578009D0AF6 /* Base */ = {isa = PBXFileReference; lastKnownFileType = file.xib; name = Base; path = Base.lproj/LaunchScreen.xib; sourceTree = "<group>"; };
		B4D9D0B91B02B578009D0AF6 /* View SwitcherTests.xctest */ = {isa = PBXFileReference; explicitFileType = wrapper.cfbundle; includeInIndex = 0; path = "View SwitcherTests.xctest"; sourceTree = BUILT_PRODUCTS_DIR; };
		B4D9D0BE1B02B578009D0AF6 /* Info.plist */ = {isa = PBXFileReference; lastKnownFileType = text.plist.xml; path = Info.plist; sourceTree = "<group>"; };
		B4D9D0BF1B02B578009D0AF6 /* View_SwitcherTests.swift */ = {isa = PBXFileReference; lastKnownFileType = sourcecode.swift; path = View_SwitcherTests.swift; sourceTree = "<group>"; };
		B4D9D0C91B02B60A009D0AF6 /* SwitchingViewController.swift */ = {isa = PBXFileReference; fileEncoding = 4; lastKnownFileType = sourcecode.swift; path = SwitchingViewController.swift; sourceTree = "<group>"; };
		B4D9D0CB1B02B691009D0AF6 /* BlueViewController.swift */ = {isa = PBXFileReference; fileEncoding = 4; lastKnownFileType = sourcecode.swift; path = BlueViewController.swift; sourceTree = "<group>"; };
		B4D9D0CD1B02B6A2009D0AF6 /* YellowViewController.swift */ = {isa = PBXFileReference; fileEncoding = 4; lastKnownFileType = sourcecode.swift; path = YellowViewController.swift; sourceTree = "<group>"; };
/* End PBXFileReference section */

/* Begin PBXFrameworksBuildPhase section */
		B4D9D0A11B02B578009D0AF6 /* Frameworks */ = {
			isa = PBXFrameworksBuildPhase;
			buildActionMask = 2147483647;
			files = (
			);
			runOnlyForDeploymentPostprocessing = 0;
		};
		B4D9D0B61B02B578009D0AF6 /* Frameworks */ = {
			isa = PBXFrameworksBuildPhase;
			buildActionMask = 2147483647;
			files = (
			);
			runOnlyForDeploymentPostprocessing = 0;
		};
/* End PBXFrameworksBuildPhase section */

/* Begin PBXGroup section */
		B4D9D09B1B02B578009D0AF6 = {
			isa = PBXGroup;
			children = (
				B4D9D0A61B02B578009D0AF6 /* View Switcher */,
				B4D9D0BC1B02B578009D0AF6 /* View SwitcherTests */,
				B4D9D0A51B02B578009D0AF6 /* Products */,
			);
			sourceTree = "<group>";
		};
		B4D9D0A51B02B578009D0AF6 /* Products */ = {
			isa = PBXGroup;
			children = (
				B4D9D0A41B02B578009D0AF6 /* View Switcher.app */,
				B4D9D0B91B02B578009D0AF6 /* View SwitcherTests.xctest */,
			);
			name = Products;
			sourceTree = "<group>";
		};
		B4D9D0A61B02B578009D0AF6 /* View Switcher */ = {
			isa = PBXGroup;
			children = (
				B4D9D0A91B02B578009D0AF6 /* AppDelegate.swift */,
				B4D9D0C91B02B60A009D0AF6 /* SwitchingViewController.swift */,
				B4D9D0CB1B02B691009D0AF6 /* BlueViewController.swift */,
				B4D9D0CD1B02B6A2009D0AF6 /* YellowViewController.swift */,
				B4D9D0AD1B02B578009D0AF6 /* Main.storyboard */,
				B4D9D0B01B02B578009D0AF6 /* Images.xcassets */,
				B4D9D0B21B02B578009D0AF6 /* LaunchScreen.xib */,
				B4D9D0A71B02B578009D0AF6 /* Supporting Files */,
			);
			path = "View Switcher";
			sourceTree = "<group>";
		};
		B4D9D0A71B02B578009D0AF6 /* Supporting Files */ = {
			isa = PBXGroup;
			children = (
				B4D9D0A81B02B578009D0AF6 /* Info.plist */,
			);
			name = "Supporting Files";
			sourceTree = "<group>";
		};
		B4D9D0BC1B02B578009D0AF6 /* View SwitcherTests */ = {
			isa = PBXGroup;
			children = (
				B4D9D0BF1B02B578009D0AF6 /* View_SwitcherTests.swift */,
				B4D9D0BD1B02B578009D0AF6 /* Supporting Files */,
			);
			path = "View SwitcherTests";
			sourceTree = "<group>";
		};
		B4D9D0BD1B02B578009D0AF6 /* Supporting Files */ = {
			isa = PBXGroup;
			children = (
				B4D9D0BE1B02B578009D0AF6 /* Info.plist */,
			);
			name = "Supporting Files";
			sourceTree = "<group>";
		};
/* End PBXGroup section */

/* Begin PBXNativeTarget section */
		B4D9D0A31B02B578009D0AF6 /* View Switcher */ = {
			isa = PBXNativeTarget;
			buildConfigurationList = B4D9D0C31B02B578009D0AF6 /* Build configuration list for PBXNativeTarget "View Switcher" */;
			buildPhases = (
				B4D9D0A01B02B578009D0AF6 /* Sources */,
				B4D9D0A11B02B578009D0AF6 /* Frameworks */,
				B4D9D0A21B02B578009D0AF6 /* Resources */,
			);
			buildRules = (
			);
			dependencies = (
			);
			name = "View Switcher";
			productName = "View Switcher";
			productReference = B4D9D0A41B02B578009D0AF6 /* View Switcher.app */;
			productType = "com.apple.product-type.application";
		};
		B4D9D0B81B02B578009D0AF6 /* View SwitcherTests */ = {
			isa = PBXNativeTarget;
			buildConfigurationList = B4D9D0C61B02B578009D0AF6 /* Build configuration list for PBXNativeTarget "View SwitcherTests" */;
			buildPhases = (
				B4D9D0B51B02B578009D0AF6 /* Sources */,
				B4D9D0B61B02B578009D0AF6 /* Frameworks */,
				B4D9D0B71B02B578009D0AF6 /* Resources */,
			);
			buildRules = (
			);
			dependencies = (
				B4D9D0BB1B02B578009D0AF6 /* PBXTargetDependency */,
			);
			name = "View SwitcherTests";
			productName = "View SwitcherTests";
			productReference = B4D9D0B91B02B578009D0AF6 /* View SwitcherTests.xctest */;
			productType = "com.apple.product-type.bundle.unit-test";
		};
/* End PBXNativeTarget section */

/* Begin PBXProject section */
		B4D9D09C1B02B578009D0AF6 /* Project object */ = {
			isa = PBXProject;
			attributes = {
				LastUpgradeCheck = 0630;
				ORGANIZATIONNAME = hunk;
				TargetAttributes = {
					B4D9D0A31B02B578009D0AF6 = {
						CreatedOnToolsVersion = 6.3;
					};
					B4D9D0B81B02B578009D0AF6 = {
						CreatedOnToolsVersion = 6.3;
						TestTargetID = B4D9D0A31B02B578009D0AF6;
					};
				};
			};
			buildConfigurationList = B4D9D09F1B02B578009D0AF6 /* Build configuration list for PBXProject "View Switcher" */;
			compatibilityVersion = "Xcode 3.2";
			developmentRegion = English;
			hasScannedForEncodings = 0;
			knownRegions = (
				en,
				Base,
			);
			mainGroup = B4D9D09B1B02B578009D0AF6;
			productRefGroup = B4D9D0A51B02B578009D0AF6 /* Products */;
			projectDirPath = "";
			projectRoot = "";
			targets = (
				B4D9D0A31B02B578009D0AF6 /* View Switcher */,
				B4D9D0B81B02B578009D0AF6 /* View SwitcherTests */,
			);
		};
/* End PBXProject section */

/* Begin PBXResourcesBuildPhase section */
		B4D9D0A21B02B578009D0AF6 /* Resources */ = {
			isa = PBXResourcesBuildPhase;
			buildActionMask = 2147483647;
			files = (
				B4D9D0AF1B02B578009D0AF6 /* Main.storyboard in Resources */,
				B4D9D0B41B02B578009D0AF6 /* LaunchScreen.xib in Resources */,
				B4D9D0B11B02B578009D0AF6 /* Images.xcassets in Resources */,
			);
			runOnlyForDeploymentPostprocessing = 0;
		};
		B4D9D0B71B02B578009D0AF6 /* Resources */ = {
			isa = PBXResourcesBuildPhase;
			buildActionMask = 2147483647;
			files = (
			);
			runOnlyForDeploymentPostprocessing = 0;
		};
/* End PBXResourcesBuildPhase section */

/* Begin PBXSourcesBuildPhase section */
		B4D9D0A01B02B578009D0AF6 /* Sources */ = {
			isa = PBXSourcesBuildPhase;
			buildActionMask = 2147483647;
			files = (
				B4D9D0CE1B02B6A2009D0AF6 /* YellowViewController.swift in Sources */,
				B4D9D0AA1B02B578009D0AF6 /* AppDelegate.swift in Sources */,
				B4D9D0CC1B02B691009D0AF6 /* BlueViewController.swift in Sources */,
				B4D9D0CA1B02B60A009D0AF6 /* SwitchingViewController.swift in Sources */,
			);
			runOnlyForDeploymentPostprocessing = 0;
		};
		B4D9D0B51B02B578009D0AF6 /* Sources */ = {
			isa = PBXSourcesBuildPhase;
			buildActionMask = 2147483647;
			files = (
				B4D9D0C01B02B578009D0AF6 /* View_SwitcherTests.swift in Sources */,
			);
			runOnlyForDeploymentPostprocessing = 0;
		};
/* End PBXSourcesBuildPhase section */

/* Begin PBXTargetDependency section */
		B4D9D0BB1B02B578009D0AF6 /* PBXTargetDependency */ = {
			isa = PBXTargetDependency;
			target = B4D9D0A31B02B578009D0AF6 /* View Switcher */;
			targetProxy = B4D9D0BA1B02B578009D0AF6 /* PBXContainerItemProxy */;
		};
/* End PBXTargetDependency section */

/* Begin PBXVariantGroup section */
		B4D9D0AD1B02B578009D0AF6 /* Main.storyboard */ = {
			isa = PBXVariantGroup;
			children = (
				B4D9D0AE1B02B578009D0AF6 /* Base */,
			);
			name = Main.storyboard;
			sourceTree = "<group>";
		};
		B4D9D0B21B02B578009D0AF6 /* LaunchScreen.xib */ = {
			isa = PBXVariantGroup;
			children = (
				B4D9D0B31B02B578009D0AF6 /* Base */,
			);
			name = LaunchScreen.xib;
			sourceTree = "<group>";
		};
/* End PBXVariantGroup section */

/* Begin XCBuildConfiguration section */
		B4D9D0C11B02B578009D0AF6 /* Debug */ = {
			isa = XCBuildConfiguration;
			buildSettings = {
				ALWAYS_SEARCH_USER_PATHS = NO;
				CLANG_CXX_LANGUAGE_STANDARD = "gnu++0x";
				CLANG_CXX_LIBRARY = "libc++";
				CLANG_ENABLE_MODULES = YES;
				CLANG_ENABLE_OBJC_ARC = YES;
				CLANG_WARN_BOOL_CONVERSION = YES;
				CLANG_WARN_CONSTANT_CONVERSION = YES;
				CLANG_WARN_DIRECT_OBJC_ISA_USAGE = YES_ERROR;
				CLANG_WARN_EMPTY_BODY = YES;
				CLANG_WARN_ENUM_CONVERSION = YES;
				CLANG_WARN_INT_CONVERSION = YES;
				CLANG_WARN_OBJC_ROOT_CLASS = YES_ERROR;
				CLANG_WARN_UNREACHABLE_CODE = YES;
				CLANG_WARN__DUPLICATE_METHOD_MATCH = YES;
				"CODE_SIGN_IDENTITY[sdk=iphoneos*]" = "iPhone Developer";
				COPY_PHASE_STRIP = NO;
				DEBUG_INFORMATION_FORMAT = "dwarf-with-dsym";
				ENABLE_STRICT_OBJC_MSGSEND = YES;
				GCC_C_LANGUAGE_STANDARD = gnu99;
				GCC_DYNAMIC_NO_PIC = NO;
				GCC_NO_COMMON_BLOCKS = YES;
				GCC_OPTIMIZATION_LEVEL = 0;
				GCC_PREPROCESSOR_DEFINITIONS = (
					"DEBUG=1",
					"$(inherited)",
				);
				GCC_SYMBOLS_PRIVATE_EXTERN = NO;
				GCC_WARN_64_TO_32_BIT_CONVERSION = YES;
				GCC_WARN_ABOUT_RETURN_TYPE = YES_ERROR;
				GCC_WARN_UNDECLARED_SELECTOR = YES;
				GCC_WARN_UNINITIALIZED_AUTOS = YES_AGGRESSIVE;
				GCC_WARN_UNUSED_FUNCTION = YES;
				GCC_WARN_UNUSED_VARIABLE = YES;
				IPHONEOS_DEPLOYMENT_TARGET = 8.3;
				MTL_ENABLE_DEBUG_INFO = YES;
				ONLY_ACTIVE_ARCH = YES;
				SDKROOT = iphoneos;
				SWIFT_OPTIMIZATION_LEVEL = "-Onone";
				TARGETED_DEVICE_FAMILY = "1,2";
			};
			name = Debug;
		};
		B4D9D0C21B02B578009D0AF6 /* Release */ = {
			isa = XCBuildConfiguration;
			buildSettings = {
				ALWAYS_SEARCH_USER_PATHS = NO;
				CLANG_CXX_LANGUAGE_STANDARD = "gnu++0x";
				CLANG_CXX_LIBRARY = "libc++";
				CLANG_ENABLE_MODULES = YES;
				CLANG_ENABLE_OBJC_ARC = YES;
				CLANG_WARN_BOOL_CONVERSION = YES;
				CLANG_WARN_CONSTANT_CONVERSION = YES;
				CLANG_WARN_DIRECT_OBJC_ISA_USAGE = YES_ERROR;
				CLANG_WARN_EMPTY_BODY = YES;
				CLANG_WARN_ENUM_CONVERSION = YES;
				CLANG_WARN_INT_CONVERSION = YES;
				CLANG_WARN_OBJC_ROOT_CLASS = YES_ERROR;
				CLANG_WARN_UNREACHABLE_CODE = YES;
				CLANG_WARN__DUPLICATE_METHOD_MATCH = YES;
				"CODE_SIGN_IDENTITY[sdk=iphoneos*]" = "iPhone Developer";
				COPY_PHASE_STRIP = NO;
				DEBUG_INFORMATION_FORMAT = "dwarf-with-dsym";
				ENABLE_NS_ASSERTIONS = NO;
				ENABLE_STRICT_OBJC_MSGSEND = YES;
				GCC_C_LANGUAGE_STANDARD = gnu99;
				GCC_NO_COMMON_BLOCKS = YES;
				GCC_WARN_64_TO_32_BIT_CONVERSION = YES;
				GCC_WARN_ABOUT_RETURN_TYPE = YES_ERROR;
				GCC_WARN_UNDECLARED_SELECTOR = YES;
				GCC_WARN_UNINITIALIZED_AUTOS = YES_AGGRESSIVE;
				GCC_WARN_UNUSED_FUNCTION = YES;
				GCC_WARN_UNUSED_VARIABLE = YES;
				IPHONEOS_DEPLOYMENT_TARGET = 8.3;
				MTL_ENABLE_DEBUG_INFO = NO;
				SDKROOT = iphoneos;
				TARGETED_DEVICE_FAMILY = "1,2";
				VALIDATE_PRODUCT = YES;
			};
			name = Release;
		};
		B4D9D0C41B02B578009D0AF6 /* Debug */ = {
			isa = XCBuildConfiguration;
			buildSettings = {
				ASSETCATALOG_COMPILER_APPICON_NAME = AppIcon;
				INFOPLIST_FILE = "View Switcher/Info.plist";
				IPHONEOS_DEPLOYMENT_TARGET = 8.2;
				LD_RUNPATH_SEARCH_PATHS = "$(inherited) @executable_path/Frameworks";
				PRODUCT_NAME = "$(TARGET_NAME)";
			};
			name = Debug;
		};
		B4D9D0C51B02B578009D0AF6 /* Release */ = {
			isa = XCBuildConfiguration;
			buildSettings = {
				ASSETCATALOG_COMPILER_APPICON_NAME = AppIcon;
				INFOPLIST_FILE = "View Switcher/Info.plist";
				IPHONEOS_DEPLOYMENT_TARGET = 8.2;
				LD_RUNPATH_SEARCH_PATHS = "$(inherited) @executable_path/Frameworks";
				PRODUCT_NAME = "$(TARGET_NAME)";
			};
			name = Release;
		};
		B4D9D0C71B02B578009D0AF6 /* Debug */ = {
			isa = XCBuildConfiguration;
			buildSettings = {
				BUNDLE_LOADER = "$(TEST_HOST)";
				FRAMEWORK_SEARCH_PATHS = (
					"$(SDKROOT)/Developer/Library/Frameworks",
					"$(inherited)",
				);
				GCC_PREPROCESSOR_DEFINITIONS = (
					"DEBUG=1",
					"$(inherited)",
				);
				INFOPLIST_FILE = "View SwitcherTests/Info.plist";
				LD_RUNPATH_SEARCH_PATHS = "$(inherited) @executable_path/Frameworks @loader_path/Frameworks";
				PRODUCT_NAME = "$(TARGET_NAME)";
				TEST_HOST = "$(BUILT_PRODUCTS_DIR)/View Switcher.app/View Switcher";
			};
			name = Debug;
		};
		B4D9D0C81B02B578009D0AF6 /* Release */ = {
			isa = XCBuildConfiguration;
			buildSettings = {
				BUNDLE_LOADER = "$(TEST_HOST)";
				FRAMEWORK_SEARCH_PATHS = (
					"$(SDKROOT)/Developer/Library/Frameworks",
					"$(inherited)",
				);
				INFOPLIST_FILE = "View SwitcherTests/Info.plist";
				LD_RUNPATH_SEARCH_PATHS = "$(inherited) @executable_path/Frameworks @loader_path/Frameworks";
				PRODUCT_NAME = "$(TARGET_NAME)";
				TEST_HOST = "$(BUILT_PRODUCTS_DIR)/View Switcher.app/View Switcher";
			};
			name = Release;
		};
/* End XCBuildConfiguration section */

/* Begin XCConfigurationList section */
		B4D9D09F1B02B578009D0AF6 /* Build configuration list for PBXProject "View Switcher" */ = {
			isa = XCConfigurationList;
			buildConfigurations = (
				B4D9D0C11B02B578009D0AF6 /* Debug */,
				B4D9D0C21B02B578009D0AF6 /* Release */,
			);
			defaultConfigurationIsVisible = 0;
			defaultConfigurationName = Release;
		};
		B4D9D0C31B02B578009D0AF6 /* Build configuration list for PBXNativeTarget "View Switcher" */ = {
			isa = XCConfigurationList;
			buildConfigurations = (
				B4D9D0C41B02B578009D0AF6 /* Debug */,
				B4D9D0C51B02B578009D0AF6 /* Release */,
			);
			defaultConfigurationIsVisible = 0;
			defaultConfigurationName = Release;
		};
		B4D9D0C61B02B578009D0AF6 /* Build configuration list for PBXNativeTarget "View SwitcherTests" */ = {
			isa = XCConfigurationList;
			buildConfigurations = (
				B4D9D0C71B02B578009D0AF6 /* Debug */,
				B4D9D0C81B02B578009D0AF6 /* Release */,
			);
			defaultConfigurationIsVisible = 0;
			defaultConfigurationName = Release;
		};
/* End XCConfigurationList section */
	};
	rootObject = B4D9D09C1B02B578009D0AF6 /* Project object */;
}
